{
  "originHash" : "9431a066a024d2538b9ed8c01a6a6967bd059fe602bcf3d2c7c661d668e999c3",
  "pins" : [
    {
      "identity" : "cocoaasyncsocket",
      "kind" : "remoteSourceControl",
      "location" : "https://github.com/robbiehanson/CocoaAsyncSocket",
      "state" : {
        "revision" : "dbdc00669c1ced63b27c3c5f052ee4d28f10150c",
        "version" : "7.6.5"
      }
    },
    {
      "identity" : "coffeetoast",
      "kind" : "remoteSourceControl",
      "location" : "https://github.com/maeganwilson/CoffeeToast",
      "state" : {
        "revision" : "29fb9b44b5bc22dd1d19b613125922c186d314b5",
        "version" : "2.0.0"
      }
    },
    {
      "identity" : "coreosc",
      "kind" : "remoteSourceControl",
      "location" : "https://github.com/sammysmallman/CoreOSC.git",
      "state" : {
        "revision" : "887328eb34c406405fc24988a81d49ac457fb2f8",
        "version" : "1.3.1"
      }
    },
    {
      "identity" : "octokit.swift",
      "kind" : "remoteSourceControl",
      "location" : "https://github.com/nerdishbynature/octokit.swift",
      "state" : {
        "branch" : "main",
        "revision" : "1e63f582d69a2c78335af532171e2fb2749251a6"
      }
    },
    {
      "identity" : "osckit",
      "kind" : "remoteSourceControl",
      "location" : "https://github.com/maeganwilson/OSCKit",
      "state" : {
        "revision" : "f5982778ddfe573d82d9a1137dbfea17bb52989b",
        "version" : "3.1.0"
      }
    },
    {
      "identity" : "purchases-ios",
      "kind" : "remoteSourceControl",
      "location" : "https://github.com/RevenueCat/purchases-ios.git",
      "state" : {
        "revision" : "1357d57a38d09e60f967d0e78a912254fe46137c",
        "version" : "4.43.3"
      }
    },
    {
      "identity" : "requestkit",
      "kind" : "remoteSourceControl",
      "location" : "https://github.com/nerdishbynature/RequestKit.git",
      "state" : {
        "revision" : "e4d905fed938807e36d87f28375f88b7c1c26840",
        "version" : "3.3.0"
      }
    },
    {
      "identity" : "swift-netutils",
      "kind" : "remoteSourceControl",
      "location" : "https://github.com/svdo/swift-netutils",
      "state" : {
        "revision" : "28eb6f86a84e34e97dd3bea7e9658da15e8a1767",
        "version" : "4.2.1"
      }
    }
  ],
  "version" : 3
}
