// !$*UTF8*$!
{
	archiveVersion = 1;
	classes = {
	};
	objectVersion = 70;
	objects = {

/* Begin PBXBuildFile section */
		1521CA8E26700E1D00014B34 /* ShowObjectTests.swift in Sources */ = {isa = PBXBuildFile; fileRef = 1521CA8D26700E1D00014B34 /* ShowObjectTests.swift */; };
		15893A2C2671734000780B31 /* ChosenShowTests.swift in Sources */ = {isa = PBXBuildFile; fileRef = 15893A2B2671734000780B31 /* ChosenShowTests.swift */; };
		15BE2E5B25C88F35009D8E77 /* iHogUITestsScreenShots.swift in Sources */ = {isa = PBXBuildFile; fileRef = 15BE2E5A25C88F35009D8E77 /* iHogUITestsScreenShots.swift */; };
		15BE2E6725C88FC7009D8E77 /* SnapshotHelper.swift in Sources */ = {isa = PBXBuildFile; fileRef = 15BE2E6625C88FC7009D8E77 /* SnapshotHelper.swift */; };
		15C8285125FA4B83003FAEFA /* StoreKit.framework in Frameworks */ = {isa = PBXBuildFile; fileRef = 15C8285025FA4B83003FAEFA /* StoreKit.framework */; };
		15DA2699251237D70063E236 /* iHogUITests.swift in Sources */ = {isa = PBXBuildFile; fileRef = 15DA2698251237D70063E236 /* iHogUITests.swift */; };
		15E2D204253F14F900C7A453 /* CloudKit.framework in Frameworks */ = {isa = PBXBuildFile; fileRef = 15E2D203253F14F900C7A453 /* CloudKit.framework */; };
		3730E00D27A17B27006FCA5E /* OctoKit in Frameworks */ = {isa = PBXBuildFile; productRef = 3730E00C27A17B27006FCA5E /* OctoKit */; };
		3769730C28A52743004D9BEF /* RevenueCat in Frameworks */ = {isa = PBXBuildFile; productRef = 3769730B28A52743004D9BEF /* RevenueCat */; };
		377087D727AABFF000B0754A /* CoffeeToast in Frameworks */ = {isa = PBXBuildFile; productRef = 377087D627AABFF000B0754A /* CoffeeToast */; };
		37EAFA9027AF31530092C11E /* OSCKit in Frameworks */ = {isa = PBXBuildFile; productRef = 37EAFA8F27AF31530092C11E /* OSCKit */; };
		692677A32D0943500006895D /* AppRouter in Frameworks */ = {isa = PBXBuildFile; productRef = 692677A22D0943500006895D /* AppRouter */; };
		693137A42CE1579000562B73 /* PostHog in Frameworks */ = {isa = PBXBuildFile; productRef = 693137A32CE1579000562B73 /* PostHog */; };
		69666DE92CDD774B008A0057 /* TelemetryDeck in Frameworks */ = {isa = PBXBuildFile; productRef = 69666DE82CDD774B008A0057 /* TelemetryDeck */; };
/* End PBXBuildFile section */

/* Begin PBXContainerItemProxy section */
		15BE2E5D25C88F35009D8E77 /* PBXContainerItemProxy */ = {
			isa = PBXContainerItemProxy;
			containerPortal = 15DA266B251237D60063E236 /* Project object */;
			proxyType = 1;
			remoteGlobalIDString = 15DA2672251237D60063E236;
			remoteInfo = iHog;
		};
		15DA268A251237D70063E236 /* PBXContainerItemProxy */ = {
			isa = PBXContainerItemProxy;
			containerPortal = 15DA266B251237D60063E236 /* Project object */;
			proxyType = 1;
			remoteGlobalIDString = 15DA2672251237D60063E236;
			remoteInfo = iHog;
		};
		15DA2695251237D70063E236 /* PBXContainerItemProxy */ = {
			isa = PBXContainerItemProxy;
			containerPortal = 15DA266B251237D60063E236 /* Project object */;
			proxyType = 1;
			remoteGlobalIDString = 15DA2672251237D60063E236;
			remoteInfo = iHog;
		};
/* End PBXContainerItemProxy section */

/* Begin PBXFileReference section */
		1521CA8D26700E1D00014B34 /* ShowObjectTests.swift */ = {isa = PBXFileReference; lastKnownFileType = sourcecode.swift; path = ShowObjectTests.swift; sourceTree = "<group>"; };
		15893A2B2671734000780B31 /* ChosenShowTests.swift */ = {isa = PBXFileReference; lastKnownFileType = sourcecode.swift; path = ChosenShowTests.swift; sourceTree = "<group>"; };
		15BE2E5825C88F35009D8E77 /* iHogUITestsScreenShots.xctest */ = {isa = PBXFileReference; explicitFileType = wrapper.cfbundle; includeInIndex = 0; path = iHogUITestsScreenShots.xctest; sourceTree = BUILT_PRODUCTS_DIR; };
		15BE2E5A25C88F35009D8E77 /* iHogUITestsScreenShots.swift */ = {isa = PBXFileReference; lastKnownFileType = sourcecode.swift; path = iHogUITestsScreenShots.swift; sourceTree = "<group>"; };
		15BE2E5C25C88F35009D8E77 /* Info.plist */ = {isa = PBXFileReference; lastKnownFileType = text.plist.xml; path = Info.plist; sourceTree = "<group>"; };
		15BE2E6625C88FC7009D8E77 /* SnapshotHelper.swift */ = {isa = PBXFileReference; fileEncoding = 4; lastKnownFileType = sourcecode.swift; name = SnapshotHelper.swift; path = fastlane/SnapshotHelper.swift; sourceTree = SOURCE_ROOT; };
		15C8285025FA4B83003FAEFA /* StoreKit.framework */ = {isa = PBXFileReference; lastKnownFileType = wrapper.framework; name = StoreKit.framework; path = System/Library/Frameworks/StoreKit.framework; sourceTree = SDKROOT; };
		15DA2673251237D60063E236 /* iHog.app */ = {isa = PBXFileReference; explicitFileType = wrapper.application; includeInIndex = 0; path = iHog.app; sourceTree = BUILT_PRODUCTS_DIR; };
		15DA2689251237D70063E236 /* iHogTests.xctest */ = {isa = PBXFileReference; explicitFileType = wrapper.cfbundle; includeInIndex = 0; path = iHogTests.xctest; sourceTree = BUILT_PRODUCTS_DIR; };
		15DA268F251237D70063E236 /* Info.plist */ = {isa = PBXFileReference; lastKnownFileType = text.plist.xml; path = Info.plist; sourceTree = "<group>"; };
		15DA2694251237D70063E236 /* iHogUITests.xctest */ = {isa = PBXFileReference; explicitFileType = wrapper.cfbundle; includeInIndex = 0; path = iHogUITests.xctest; sourceTree = BUILT_PRODUCTS_DIR; };
		15DA2698251237D70063E236 /* iHogUITests.swift */ = {isa = PBXFileReference; lastKnownFileType = sourcecode.swift; path = iHogUITests.swift; sourceTree = "<group>"; };
		15DA269A251237D70063E236 /* Info.plist */ = {isa = PBXFileReference; lastKnownFileType = text.plist.xml; path = Info.plist; sourceTree = "<group>"; };
		15E2D203253F14F900C7A453 /* CloudKit.framework */ = {isa = PBXFileReference; lastKnownFileType = wrapper.framework; name = CloudKit.framework; path = System/Library/Frameworks/CloudKit.framework; sourceTree = SDKROOT; };
		692677A12D0943470006895D /* AppRouter */ = {isa = PBXFileReference; lastKnownFileType = wrapper; name = AppRouter; path = ../Packages/AppRouter; sourceTree = SOURCE_ROOT; };
/* End PBXFileReference section */

/* Begin PBXFileSystemSynchronizedBuildFileExceptionSet section */
		69666C392CDD6CA0008A0057 /* PBXFileSystemSynchronizedBuildFileExceptionSet */ = {
			isa = PBXFileSystemSynchronizedBuildFileExceptionSet;
			membershipExceptions = (
				Info.plist,
			);
			target = 15DA2672251237D60063E236 /* iHog */;
		};
/* End PBXFileSystemSynchronizedBuildFileExceptionSet section */

/* Begin PBXFileSystemSynchronizedRootGroup section */
		69666BD82CDD6CA0008A0057 /* iHog */ = {isa = PBXFileSystemSynchronizedRootGroup; exceptions = (69666C392CDD6CA0008A0057 /* PBXFileSystemSynchronizedBuildFileExceptionSet */, ); explicitFileTypes = {}; explicitFolders = (); path = iHog; sourceTree = "<group>"; };
/* End PBXFileSystemSynchronizedRootGroup section */

/* Begin PBXFrameworksBuildPhase section */
		15BE2E5525C88F35009D8E77 /* Frameworks */ = {
			isa = PBXFrameworksBuildPhase;
			buildActionMask = 2147483647;
			files = (
			);
			runOnlyForDeploymentPostprocessing = 0;
		};
		15DA2670251237D60063E236 /* Frameworks */ = {
			isa = PBXFrameworksBuildPhase;
			buildActionMask = 2147483647;
			files = (
				692677A32D0943500006895D /* AppRouter in Frameworks */,
				15E2D204253F14F900C7A453 /* CloudKit.framework in Frameworks */,
				37EAFA9027AF31530092C11E /* OSCKit in Frameworks */,
				3769730C28A52743004D9BEF /* RevenueCat in Frameworks */,
				693137A42CE1579000562B73 /* PostHog in Frameworks */,
				3730E00D27A17B27006FCA5E /* OctoKit in Frameworks */,
				15C8285125FA4B83003FAEFA /* StoreKit.framework in Frameworks */,
				69666DE92CDD774B008A0057 /* TelemetryDeck in Frameworks */,
				377087D727AABFF000B0754A /* CoffeeToast in Frameworks */,
			);
			runOnlyForDeploymentPostprocessing = 0;
		};
		15DA2686251237D70063E236 /* Frameworks */ = {
			isa = PBXFrameworksBuildPhase;
			buildActionMask = 2147483647;
			files = (
			);
			runOnlyForDeploymentPostprocessing = 0;
		};
		15DA2691251237D70063E236 /* Frameworks */ = {
			isa = PBXFrameworksBuildPhase;
			buildActionMask = 2147483647;
			files = (
			);
			runOnlyForDeploymentPostprocessing = 0;
		};
/* End PBXFrameworksBuildPhase section */

/* Begin PBXGroup section */
		15BE2E5925C88F35009D8E77 /* iHogUITestsScreenShots */ = {
			isa = PBXGroup;
			children = (
				15BE2E6625C88FC7009D8E77 /* SnapshotHelper.swift */,
				15BE2E5A25C88F35009D8E77 /* iHogUITestsScreenShots.swift */,
				15BE2E5C25C88F35009D8E77 /* Info.plist */,
			);
			path = iHogUITestsScreenShots;
			sourceTree = "<group>";
		};
		15DA266A251237D60063E236 = {
			isa = PBXGroup;
			children = (
				692677A12D0943470006895D /* AppRouter */,
				69666BD82CDD6CA0008A0057 /* iHog */,
				15DA268C251237D70063E236 /* iHogTests */,
				15DA2697251237D70063E236 /* iHogUITests */,
				15BE2E5925C88F35009D8E77 /* iHogUITestsScreenShots */,
				15DA2674251237D60063E236 /* Products */,
				15E2D202253F14F900C7A453 /* Frameworks */,
			);
			sourceTree = "<group>";
		};
		15DA2674251237D60063E236 /* Products */ = {
			isa = PBXGroup;
			children = (
				15DA2673251237D60063E236 /* iHog.app */,
				15DA2689251237D70063E236 /* iHogTests.xctest */,
				15DA2694251237D70063E236 /* iHogUITests.xctest */,
				15BE2E5825C88F35009D8E77 /* iHogUITestsScreenShots.xctest */,
			);
			name = Products;
			sourceTree = "<group>";
		};
		15DA268C251237D70063E236 /* iHogTests */ = {
			isa = PBXGroup;
			children = (
				15DA268F251237D70063E236 /* Info.plist */,
				1521CA8D26700E1D00014B34 /* ShowObjectTests.swift */,
				15893A2B2671734000780B31 /* ChosenShowTests.swift */,
			);
			path = iHogTests;
			sourceTree = "<group>";
		};
		15DA2697251237D70063E236 /* iHogUITests */ = {
			isa = PBXGroup;
			children = (
				15DA2698251237D70063E236 /* iHogUITests.swift */,
				15DA269A251237D70063E236 /* Info.plist */,
			);
			path = iHogUITests;
			sourceTree = "<group>";
		};
		15E2D202253F14F900C7A453 /* Frameworks */ = {
			isa = PBXGroup;
			children = (
				15C8285025FA4B83003FAEFA /* StoreKit.framework */,
				15E2D203253F14F900C7A453 /* CloudKit.framework */,
			);
			name = Frameworks;
			sourceTree = "<group>";
		};
/* End PBXGroup section */

/* Begin PBXNativeTarget section */
		15BE2E5725C88F35009D8E77 /* iHogUITestsScreenShots */ = {
			isa = PBXNativeTarget;
			buildConfigurationList = 15BE2E6125C88F35009D8E77 /* Build configuration list for PBXNativeTarget "iHogUITestsScreenShots" */;
			buildPhases = (
				15BE2E5425C88F35009D8E77 /* Sources */,
				15BE2E5525C88F35009D8E77 /* Frameworks */,
				15BE2E5625C88F35009D8E77 /* Resources */,
			);
			buildRules = (
			);
			dependencies = (
				15BE2E5E25C88F35009D8E77 /* PBXTargetDependency */,
			);
			name = iHogUITestsScreenShots;
			productName = iHogUITestsScreenShots;
			productReference = 15BE2E5825C88F35009D8E77 /* iHogUITestsScreenShots.xctest */;
			productType = "com.apple.product-type.bundle.ui-testing";
		};
		15DA2672251237D60063E236 /* iHog */ = {
			isa = PBXNativeTarget;
			buildConfigurationList = 15DA269D251237D70063E236 /* Build configuration list for PBXNativeTarget "iHog" */;
			buildPhases = (
				15DA266F251237D60063E236 /* Sources */,
				15DA2670251237D60063E236 /* Frameworks */,
				15DA2671251237D60063E236 /* Resources */,
			);
			buildRules = (
			);
			dependencies = (
			);
			fileSystemSynchronizedGroups = (
				69666BD82CDD6CA0008A0057 /* iHog */,
			);
			name = iHog;
			packageProductDependencies = (
				3730E00C27A17B27006FCA5E /* OctoKit */,
				377087D627AABFF000B0754A /* CoffeeToast */,
				37EAFA8F27AF31530092C11E /* OSCKit */,
				3769730B28A52743004D9BEF /* RevenueCat */,
				69666DE82CDD774B008A0057 /* TelemetryDeck */,
				693137A32CE1579000562B73 /* PostHog */,
				692677A22D0943500006895D /* AppRouter */,
			);
			productName = iHog;
			productReference = 15DA2673251237D60063E236 /* iHog.app */;
			productType = "com.apple.product-type.application";
		};
		15DA2688251237D70063E236 /* iHogTests */ = {
			isa = PBXNativeTarget;
			buildConfigurationList = 15DA26A0251237D70063E236 /* Build configuration list for PBXNativeTarget "iHogTests" */;
			buildPhases = (
				15DA2685251237D70063E236 /* Sources */,
				15DA2686251237D70063E236 /* Frameworks */,
				15DA2687251237D70063E236 /* Resources */,
			);
			buildRules = (
			);
			dependencies = (
				15DA268B251237D70063E236 /* PBXTargetDependency */,
			);
			name = iHogTests;
			productName = iHogTests;
			productReference = 15DA2689251237D70063E236 /* iHogTests.xctest */;
			productType = "com.apple.product-type.bundle.unit-test";
		};
		15DA2693251237D70063E236 /* iHogUITests */ = {
			isa = PBXNativeTarget;
			buildConfigurationList = 15DA26A3251237D70063E236 /* Build configuration list for PBXNativeTarget "iHogUITests" */;
			buildPhases = (
				15DA2690251237D70063E236 /* Sources */,
				15DA2691251237D70063E236 /* Frameworks */,
				15DA2692251237D70063E236 /* Resources */,
			);
			buildRules = (
			);
			dependencies = (
				15DA2696251237D70063E236 /* PBXTargetDependency */,
			);
			name = iHogUITests;
			productName = iHogUITests;
			productReference = 15DA2694251237D70063E236 /* iHogUITests.xctest */;
			productType = "com.apple.product-type.bundle.ui-testing";
		};
/* End PBXNativeTarget section */

/* Begin PBXProject section */
		15DA266B251237D60063E236 /* Project object */ = {
			isa = PBXProject;
			attributes = {
				BuildIndependentTargetsInParallel = YES;
				LastSwiftUpdateCheck = 1240;
				LastUpgradeCheck = 1610;
				TargetAttributes = {
					15BE2E5725C88F35009D8E77 = {
						CreatedOnToolsVersion = 12.4;
						TestTargetID = 15DA2672251237D60063E236;
					};
					15DA2672251237D60063E236 = {
						CreatedOnToolsVersion = 12.0;
					};
					15DA2688251237D70063E236 = {
						CreatedOnToolsVersion = 12.0;
						TestTargetID = 15DA2672251237D60063E236;
					};
					15DA2693251237D70063E236 = {
						CreatedOnToolsVersion = 12.0;
						TestTargetID = 15DA2672251237D60063E236;
					};
				};
			};
			buildConfigurationList = 15DA266E251237D60063E236 /* Build configuration list for PBXProject "iHog" */;
			compatibilityVersion = "Xcode 13.0";
			developmentRegion = en;
			hasScannedForEncodings = 0;
			knownRegions = (
				en,
				Base,
			);
			mainGroup = 15DA266A251237D60063E236;
			packageReferences = (
				3730E00B27A17B27006FCA5E /* XCRemoteSwiftPackageReference "octokit" */,
				377087D527AABFF000B0754A /* XCRemoteSwiftPackageReference "CoffeeToast" */,
				37EAFA8E27AF31530092C11E /* XCRemoteSwiftPackageReference "OSCKit" */,
				3769730A28A52743004D9BEF /* XCRemoteSwiftPackageReference "purchases-ios" */,
				69666DE72CDD774B008A0057 /* XCRemoteSwiftPackageReference "SwiftSDK" */,
				693137A22CE1579000562B73 /* XCRemoteSwiftPackageReference "posthog-ios" */,
			);
			productRefGroup = 15DA2674251237D60063E236 /* Products */;
			projectDirPath = "";
			projectRoot = "";
			targets = (
				15DA2672251237D60063E236 /* iHog */,
				15DA2688251237D70063E236 /* iHogTests */,
				15DA2693251237D70063E236 /* iHogUITests */,
				15BE2E5725C88F35009D8E77 /* iHogUITestsScreenShots */,
			);
		};
/* End PBXProject section */

/* Begin PBXResourcesBuildPhase section */
		15BE2E5625C88F35009D8E77 /* Resources */ = {
			isa = PBXResourcesBuildPhase;
			buildActionMask = 2147483647;
			files = (
			);
			runOnlyForDeploymentPostprocessing = 0;
		};
		15DA2671251237D60063E236 /* Resources */ = {
			isa = PBXResourcesBuildPhase;
			buildActionMask = 2147483647;
			files = (
			);
			runOnlyForDeploymentPostprocessing = 0;
		};
		15DA2687251237D70063E236 /* Resources */ = {
			isa = PBXResourcesBuildPhase;
			buildActionMask = 2147483647;
			files = (
			);
			runOnlyForDeploymentPostprocessing = 0;
		};
		15DA2692251237D70063E236 /* Resources */ = {
			isa = PBXResourcesBuildPhase;
			buildActionMask = 2147483647;
			files = (
			);
			runOnlyForDeploymentPostprocessing = 0;
		};
/* End PBXResourcesBuildPhase section */

/* Begin PBXSourcesBuildPhase section */
		15BE2E5425C88F35009D8E77 /* Sources */ = {
			isa = PBXSourcesBuildPhase;
			buildActionMask = 2147483647;
			files = (
				15BE2E5B25C88F35009D8E77 /* iHogUITestsScreenShots.swift in Sources */,
				15BE2E6725C88FC7009D8E77 /* SnapshotHelper.swift in Sources */,
			);
			runOnlyForDeploymentPostprocessing = 0;
		};
		15DA266F251237D60063E236 /* Sources */ = {
			isa = PBXSourcesBuildPhase;
			buildActionMask = 2147483647;
			files = (
			);
			runOnlyForDeploymentPostprocessing = 0;
		};
		15DA2685251237D70063E236 /* Sources */ = {
			isa = PBXSourcesBuildPhase;
			buildActionMask = 2147483647;
			files = (
				1521CA8E26700E1D00014B34 /* ShowObjectTests.swift in Sources */,
				15893A2C2671734000780B31 /* ChosenShowTests.swift in Sources */,
			);
			runOnlyForDeploymentPostprocessing = 0;
		};
		15DA2690251237D70063E236 /* Sources */ = {
			isa = PBXSourcesBuildPhase;
			buildActionMask = 2147483647;
			files = (
				15DA2699251237D70063E236 /* iHogUITests.swift in Sources */,
			);
			runOnlyForDeploymentPostprocessing = 0;
		};
/* End PBXSourcesBuildPhase section */

/* Begin PBXTargetDependency section */
		15BE2E5E25C88F35009D8E77 /* PBXTargetDependency */ = {
			isa = PBXTargetDependency;
			target = 15DA2672251237D60063E236 /* iHog */;
			targetProxy = 15BE2E5D25C88F35009D8E77 /* PBXContainerItemProxy */;
		};
		15DA268B251237D70063E236 /* PBXTargetDependency */ = {
			isa = PBXTargetDependency;
			target = 15DA2672251237D60063E236 /* iHog */;
			targetProxy = 15DA268A251237D70063E236 /* PBXContainerItemProxy */;
		};
		15DA2696251237D70063E236 /* PBXTargetDependency */ = {
			isa = PBXTargetDependency;
			target = 15DA2672251237D60063E236 /* iHog */;
			targetProxy = 15DA2695251237D70063E236 /* PBXContainerItemProxy */;
		};
/* End PBXTargetDependency section */

/* Begin XCBuildConfiguration section */
		15BE2E5F25C88F35009D8E77 /* Debug */ = {
			isa = XCBuildConfiguration;
			buildSettings = {
				CODE_SIGN_STYLE = Automatic;
				DEVELOPMENT_TEAM = ZDK82FGR3Z;
				INFOPLIST_FILE = iHogUITestsScreenShots/Info.plist;
				IPHONEOS_DEPLOYMENT_TARGET = 16.0;
				LD_RUNPATH_SEARCH_PATHS = (
					"$(inherited)",
					"@executable_path/Frameworks",
					"@loader_path/Frameworks",
				);
				PRODUCT_BUNDLE_IDENTIFIER = dev.parttimedeveloper.iHogUITestsScreenShots;
				PRODUCT_NAME = "$(TARGET_NAME)";
				SWIFT_VERSION = 5.0;
				TARGETED_DEVICE_FAMILY = "1,2";
				TEST_TARGET_NAME = iHog;
			};
			name = Debug;
		};
		15BE2E6025C88F35009D8E77 /* Release */ = {
			isa = XCBuildConfiguration;
			buildSettings = {
				CODE_SIGN_STYLE = Automatic;
				DEVELOPMENT_TEAM = ZDK82FGR3Z;
				INFOPLIST_FILE = iHogUITestsScreenShots/Info.plist;
				IPHONEOS_DEPLOYMENT_TARGET = 16.0;
				LD_RUNPATH_SEARCH_PATHS = (
					"$(inherited)",
					"@executable_path/Frameworks",
					"@loader_path/Frameworks",
				);
				PRODUCT_BUNDLE_IDENTIFIER = dev.parttimedeveloper.iHogUITestsScreenShots;
				PRODUCT_NAME = "$(TARGET_NAME)";
				SWIFT_VERSION = 5.0;
				TARGETED_DEVICE_FAMILY = "1,2";
				TEST_TARGET_NAME = iHog;
			};
			name = Release;
		};
		15DA269B251237D70063E236 /* Debug */ = {
			isa = XCBuildConfiguration;
			buildSettings = {
				ALWAYS_SEARCH_USER_PATHS = NO;
				ASSETCATALOG_COMPILER_GENERATE_SWIFT_ASSET_SYMBOL_EXTENSIONS = YES;
				CLANG_ANALYZER_NONNULL = YES;
				CLANG_ANALYZER_NUMBER_OBJECT_CONVERSION = YES_AGGRESSIVE;
				CLANG_CXX_LANGUAGE_STANDARD = "gnu++14";
				CLANG_CXX_LIBRARY = "libc++";
				CLANG_ENABLE_MODULES = YES;
				CLANG_ENABLE_OBJC_ARC = YES;
				CLANG_ENABLE_OBJC_WEAK = YES;
				CLANG_WARN_BLOCK_CAPTURE_AUTORELEASING = YES;
				CLANG_WARN_BOOL_CONVERSION = YES;
				CLANG_WARN_COMMA = YES;
				CLANG_WARN_CONSTANT_CONVERSION = YES;
				CLANG_WARN_DEPRECATED_OBJC_IMPLEMENTATIONS = YES;
				CLANG_WARN_DIRECT_OBJC_ISA_USAGE = YES_ERROR;
				CLANG_WARN_DOCUMENTATION_COMMENTS = YES;
				CLANG_WARN_EMPTY_BODY = YES;
				CLANG_WARN_ENUM_CONVERSION = YES;
				CLANG_WARN_INFINITE_RECURSION = YES;
				CLANG_WARN_INT_CONVERSION = YES;
				CLANG_WARN_NON_LITERAL_NULL_CONVERSION = YES;
				CLANG_WARN_OBJC_IMPLICIT_RETAIN_SELF = YES;
				CLANG_WARN_OBJC_LITERAL_CONVERSION = YES;
				CLANG_WARN_OBJC_ROOT_CLASS = YES_ERROR;
				CLANG_WARN_QUOTED_INCLUDE_IN_FRAMEWORK_HEADER = YES;
				CLANG_WARN_RANGE_LOOP_ANALYSIS = YES;
				CLANG_WARN_STRICT_PROTOTYPES = YES;
				CLANG_WARN_SUSPICIOUS_MOVE = YES;
				CLANG_WARN_UNGUARDED_AVAILABILITY = YES_AGGRESSIVE;
				CLANG_WARN_UNREACHABLE_CODE = YES;
				CLANG_WARN__DUPLICATE_METHOD_MATCH = YES;
				COPY_PHASE_STRIP = NO;
				DEBUG_INFORMATION_FORMAT = dwarf;
				ENABLE_STRICT_OBJC_MSGSEND = YES;
				ENABLE_TESTABILITY = YES;
				ENABLE_USER_SCRIPT_SANDBOXING = YES;
				GCC_C_LANGUAGE_STANDARD = gnu11;
				GCC_DYNAMIC_NO_PIC = NO;
				GCC_NO_COMMON_BLOCKS = YES;
				GCC_OPTIMIZATION_LEVEL = 0;
				GCC_PREPROCESSOR_DEFINITIONS = (
					"DEBUG=1",
					"$(inherited)",
				);
				GCC_WARN_64_TO_32_BIT_CONVERSION = YES;
				GCC_WARN_ABOUT_RETURN_TYPE = YES_ERROR;
				GCC_WARN_UNDECLARED_SELECTOR = YES;
				GCC_WARN_UNINITIALIZED_AUTOS = YES_AGGRESSIVE;
				GCC_WARN_UNUSED_FUNCTION = YES;
				GCC_WARN_UNUSED_VARIABLE = YES;
				IPHONEOS_DEPLOYMENT_TARGET = 16.0;
				MTL_ENABLE_DEBUG_INFO = INCLUDE_SOURCE;
				MTL_FAST_MATH = YES;
				ONLY_ACTIVE_ARCH = YES;
				SDKROOT = iphoneos;
				SWIFT_ACTIVE_COMPILATION_CONDITIONS = DEBUG;
				SWIFT_OPTIMIZATION_LEVEL = "-Onone";
			};
			name = Debug;
		};
		15DA269C251237D70063E236 /* Release */ = {
			isa = XCBuildConfiguration;
			buildSettings = {
				ALWAYS_SEARCH_USER_PATHS = NO;
				ASSETCATALOG_COMPILER_GENERATE_SWIFT_ASSET_SYMBOL_EXTENSIONS = YES;
				CLANG_ANALYZER_NONNULL = YES;
				CLANG_ANALYZER_NUMBER_OBJECT_CONVERSION = YES_AGGRESSIVE;
				CLANG_CXX_LANGUAGE_STANDARD = "gnu++14";
				CLANG_CXX_LIBRARY = "libc++";
				CLANG_ENABLE_MODULES = YES;
				CLANG_ENABLE_OBJC_ARC = YES;
				CLANG_ENABLE_OBJC_WEAK = YES;
				CLANG_WARN_BLOCK_CAPTURE_AUTORELEASING = YES;
				CLANG_WARN_BOOL_CONVERSION = YES;
				CLANG_WARN_COMMA = YES;
				CLANG_WARN_CONSTANT_CONVERSION = YES;
				CLANG_WARN_DEPRECATED_OBJC_IMPLEMENTATIONS = YES;
				CLANG_WARN_DIRECT_OBJC_ISA_USAGE = YES_ERROR;
				CLANG_WARN_DOCUMENTATION_COMMENTS = YES;
				CLANG_WARN_EMPTY_BODY = YES;
				CLANG_WARN_ENUM_CONVERSION = YES;
				CLANG_WARN_INFINITE_RECURSION = YES;
				CLANG_WARN_INT_CONVERSION = YES;
				CLANG_WARN_NON_LITERAL_NULL_CONVERSION = YES;
				CLANG_WARN_OBJC_IMPLICIT_RETAIN_SELF = YES;
				CLANG_WARN_OBJC_LITERAL_CONVERSION = YES;
				CLANG_WARN_OBJC_ROOT_CLASS = YES_ERROR;
				CLANG_WARN_QUOTED_INCLUDE_IN_FRAMEWORK_HEADER = YES;
				CLANG_WARN_RANGE_LOOP_ANALYSIS = YES;
				CLANG_WARN_STRICT_PROTOTYPES = YES;
				CLANG_WARN_SUSPICIOUS_MOVE = YES;
				CLANG_WARN_UNGUARDED_AVAILABILITY = YES_AGGRESSIVE;
				CLANG_WARN_UNREACHABLE_CODE = YES;
				CLANG_WARN__DUPLICATE_METHOD_MATCH = YES;
				COPY_PHASE_STRIP = NO;
				DEBUG_INFORMATION_FORMAT = "dwarf-with-dsym";
				ENABLE_NS_ASSERTIONS = NO;
				ENABLE_STRICT_OBJC_MSGSEND = YES;
				ENABLE_USER_SCRIPT_SANDBOXING = YES;
				GCC_C_LANGUAGE_STANDARD = gnu11;
				GCC_NO_COMMON_BLOCKS = YES;
				GCC_WARN_64_TO_32_BIT_CONVERSION = YES;
				GCC_WARN_ABOUT_RETURN_TYPE = YES_ERROR;
				GCC_WARN_UNDECLARED_SELECTOR = YES;
				GCC_WARN_UNINITIALIZED_AUTOS = YES_AGGRESSIVE;
				GCC_WARN_UNUSED_FUNCTION = YES;
				GCC_WARN_UNUSED_VARIABLE = YES;
				IPHONEOS_DEPLOYMENT_TARGET = 16.0;
				MTL_ENABLE_DEBUG_INFO = NO;
				MTL_FAST_MATH = YES;
				ONLY_ACTIVE_ARCH = NO;
				SDKROOT = iphoneos;
				SWIFT_COMPILATION_MODE = wholemodule;
				SWIFT_OPTIMIZATION_LEVEL = "-O";
				VALIDATE_PRODUCT = YES;
			};
			name = Release;
		};
		15DA269E251237D70063E236 /* Debug */ = {
			isa = XCBuildConfiguration;
			buildSettings = {
				ASSETCATALOG_COMPILER_APPICON_NAME = AppIcon;
				ASSETCATALOG_COMPILER_GLOBAL_ACCENT_COLOR_NAME = AccentColor;
				CODE_SIGN_ENTITLEMENTS = iHog/iHog.entitlements;
				CODE_SIGN_IDENTITY = "Apple Development";
				CODE_SIGN_STYLE = Automatic;
				CURRENT_PROJECT_VERSION = 169;
				DEVELOPMENT_ASSET_PATHS = "\"iHog/Preview Content\"";
				DEVELOPMENT_TEAM = ZDK82FGR3Z;
				ENABLE_PREVIEWS = YES;
				INFOPLIST_FILE = iHog/Info.plist;
				IPHONEOS_DEPLOYMENT_TARGET = 16.4;
				LD_RUNPATH_SEARCH_PATHS = (
					"$(inherited)",
					"@executable_path/Frameworks",
				);
				MARKETING_VERSION = 2025.1.0;
				PRODUCT_BUNDLE_IDENTIFIER = com.appsbymw.hogosc;
				PRODUCT_NAME = "$(TARGET_NAME)";
				PROVISIONING_PROFILE_SPECIFIER = "";
				SUPPORTED_PLATFORMS = "iphoneos iphonesimulator";
				SUPPORTS_MACCATALYST = NO;
				SUPPORTS_MAC_DESIGNED_FOR_IPHONE_IPAD = NO;
				SWIFT_EMIT_LOC_STRINGS = YES;
				SWIFT_VERSION = 5.0;
				TARGETED_DEVICE_FAMILY = "1,2";
			};
			name = Debug;
		};
		15DA269F251237D70063E236 /* Release */ = {
			isa = XCBuildConfiguration;
			buildSettings = {
				ASSETCATALOG_COMPILER_APPICON_NAME = AppIcon;
				ASSETCATALOG_COMPILER_GLOBAL_ACCENT_COLOR_NAME = AccentColor;
				CODE_SIGN_ENTITLEMENTS = iHog/iHog.entitlements;
				CODE_SIGN_IDENTITY = "Apple Development";
				CODE_SIGN_STYLE = Automatic;
				CURRENT_PROJECT_VERSION = 169;
				DEVELOPMENT_ASSET_PATHS = "\"iHog/Preview Content\"";
				DEVELOPMENT_TEAM = ZDK82FGR3Z;
				ENABLE_PREVIEWS = YES;
				INFOPLIST_FILE = iHog/Info.plist;
				IPHONEOS_DEPLOYMENT_TARGET = 16.4;
				LD_RUNPATH_SEARCH_PATHS = (
					"$(inherited)",
					"@executable_path/Frameworks",
				);
				MARKETING_VERSION = 2025.1.0;
				PRODUCT_BUNDLE_IDENTIFIER = com.appsbymw.hogosc;
				PRODUCT_NAME = "$(TARGET_NAME)";
				PROVISIONING_PROFILE_SPECIFIER = "";
				SUPPORTED_PLATFORMS = "iphoneos iphonesimulator";
				SUPPORTS_MACCATALYST = NO;
				SUPPORTS_MAC_DESIGNED_FOR_IPHONE_IPAD = NO;
				SWIFT_EMIT_LOC_STRINGS = YES;
				SWIFT_VERSION = 5.0;
				TARGETED_DEVICE_FAMILY = "1,2";
			};
			name = Release;
		};
		15DA26A1251237D70063E236 /* Debug */ = {
			isa = XCBuildConfiguration;
			buildSettings = {
				BUNDLE_LOADER = "$(TEST_HOST)";
				CODE_SIGN_STYLE = Automatic;
				DEVELOPMENT_TEAM = ZDK82FGR3Z;
				INFOPLIST_FILE = iHogTests/Info.plist;
				IPHONEOS_DEPLOYMENT_TARGET = 16.0;
				LD_RUNPATH_SEARCH_PATHS = (
					"$(inherited)",
					"@executable_path/Frameworks",
					"@loader_path/Frameworks",
				);
				PRODUCT_BUNDLE_IDENTIFIER = com.appsbymw.iHogTests;
				PRODUCT_NAME = "$(TARGET_NAME)";
				SWIFT_VERSION = 5.0;
				TARGETED_DEVICE_FAMILY = "1,2";
				TEST_HOST = "$(BUILT_PRODUCTS_DIR)/iHog.app/iHog";
			};
			name = Debug;
		};
		15DA26A2251237D70063E236 /* Release */ = {
			isa = XCBuildConfiguration;
			buildSettings = {
				BUNDLE_LOADER = "$(TEST_HOST)";
				CODE_SIGN_STYLE = Automatic;
				DEVELOPMENT_TEAM = ZDK82FGR3Z;
				INFOPLIST_FILE = iHogTests/Info.plist;
				IPHONEOS_DEPLOYMENT_TARGET = 16.0;
				LD_RUNPATH_SEARCH_PATHS = (
					"$(inherited)",
					"@executable_path/Frameworks",
					"@loader_path/Frameworks",
				);
				PRODUCT_BUNDLE_IDENTIFIER = com.appsbymw.iHogTests;
				PRODUCT_NAME = "$(TARGET_NAME)";
				SWIFT_VERSION = 5.0;
				TARGETED_DEVICE_FAMILY = "1,2";
				TEST_HOST = "$(BUILT_PRODUCTS_DIR)/iHog.app/iHog";
			};
			name = Release;
		};
		15DA26A4251237D70063E236 /* Debug */ = {
			isa = XCBuildConfiguration;
			buildSettings = {
				CODE_SIGN_STYLE = Automatic;
				DEVELOPMENT_TEAM = ZDK82FGR3Z;
				INFOPLIST_FILE = iHogUITests/Info.plist;
				LD_RUNPATH_SEARCH_PATHS = (
					"$(inherited)",
					"@executable_path/Frameworks",
					"@loader_path/Frameworks",
				);
				PRODUCT_BUNDLE_IDENTIFIER = com.appsbymw.iHogUITests;
				PRODUCT_NAME = "$(TARGET_NAME)";
				SWIFT_VERSION = 5.0;
				TARGETED_DEVICE_FAMILY = "1,2";
				TEST_TARGET_NAME = iHog;
			};
			name = Debug;
		};
		15DA26A5251237D70063E236 /* Release */ = {
			isa = XCBuildConfiguration;
			buildSettings = {
				CODE_SIGN_STYLE = Automatic;
				DEVELOPMENT_TEAM = ZDK82FGR3Z;
				INFOPLIST_FILE = iHogUITests/Info.plist;
				LD_RUNPATH_SEARCH_PATHS = (
					"$(inherited)",
					"@executable_path/Frameworks",
					"@loader_path/Frameworks",
				);
				PRODUCT_BUNDLE_IDENTIFIER = com.appsbymw.iHogUITests;
				PRODUCT_NAME = "$(TARGET_NAME)";
				SWIFT_VERSION = 5.0;
				TARGETED_DEVICE_FAMILY = "1,2";
				TEST_TARGET_NAME = iHog;
			};
			name = Release;
		};
/* End XCBuildConfiguration section */

/* Begin XCConfigurationList section */
		15BE2E6125C88F35009D8E77 /* Build configuration list for PBXNativeTarget "iHogUITestsScreenShots" */ = {
			isa = XCConfigurationList;
			buildConfigurations = (
				15BE2E5F25C88F35009D8E77 /* Debug */,
				15BE2E6025C88F35009D8E77 /* Release */,
			);
			defaultConfigurationIsVisible = 0;
			defaultConfigurationName = Release;
		};
		15DA266E251237D60063E236 /* Build configuration list for PBXProject "iHog" */ = {
			isa = XCConfigurationList;
			buildConfigurations = (
				15DA269B251237D70063E236 /* Debug */,
				15DA269C251237D70063E236 /* Release */,
			);
			defaultConfigurationIsVisible = 0;
			defaultConfigurationName = Release;
		};
		15DA269D251237D70063E236 /* Build configuration list for PBXNativeTarget "iHog" */ = {
			isa = XCConfigurationList;
			buildConfigurations = (
				15DA269E251237D70063E236 /* Debug */,
				15DA269F251237D70063E236 /* Release */,
			);
			defaultConfigurationIsVisible = 0;
			defaultConfigurationName = Release;
		};
		15DA26A0251237D70063E236 /* Build configuration list for PBXNativeTarget "iHogTests" */ = {
			isa = XCConfigurationList;
			buildConfigurations = (
				15DA26A1251237D70063E236 /* Debug */,
				15DA26A2251237D70063E236 /* Release */,
			);
			defaultConfigurationIsVisible = 0;
			defaultConfigurationName = Release;
		};
		15DA26A3251237D70063E236 /* Build configuration list for PBXNativeTarget "iHogUITests" */ = {
			isa = XCConfigurationList;
			buildConfigurations = (
				15DA26A4251237D70063E236 /* Debug */,
				15DA26A5251237D70063E236 /* Release */,
			);
			defaultConfigurationIsVisible = 0;
			defaultConfigurationName = Release;
		};
/* End XCConfigurationList section */

/* Begin XCRemoteSwiftPackageReference section */
		3730E00B27A17B27006FCA5E /* XCRemoteSwiftPackageReference "octokit" */ = {
			isa = XCRemoteSwiftPackageReference;
			repositoryURL = "https://github.com/nerdishbynature/octokit.swift";
			requirement = {
				branch = main;
				kind = branch;
			};
		};
		3769730A28A52743004D9BEF /* XCRemoteSwiftPackageReference "purchases-ios" */ = {
			isa = XCRemoteSwiftPackageReference;
			repositoryURL = "https://github.com/RevenueCat/purchases-ios.git";
			requirement = {
				kind = upToNextMajorVersion;
				minimumVersion = 4.0.0;
			};
		};
		377087D527AABFF000B0754A /* XCRemoteSwiftPackageReference "CoffeeToast" */ = {
			isa = XCRemoteSwiftPackageReference;
			repositoryURL = "https://github.com/maeganwilson/CoffeeToast";
			requirement = {
				kind = upToNextMajorVersion;
				minimumVersion = 2.0.0;
			};
		};
		37EAFA8E27AF31530092C11E /* XCRemoteSwiftPackageReference "OSCKit" */ = {
			isa = XCRemoteSwiftPackageReference;
			repositoryURL = "https://github.com/maeganwilson/OSCKit";
			requirement = {
				kind = upToNextMajorVersion;
				minimumVersion = 3.0.0;
			};
		};
		693137A22CE1579000562B73 /* XCRemoteSwiftPackageReference "posthog-ios" */ = {
			isa = XCRemoteSwiftPackageReference;
			repositoryURL = "https://github.com/PostHog/posthog-ios.git";
			requirement = {
				kind = upToNextMajorVersion;
				minimumVersion = 3.14.2;
			};
		};
		69666DE72CDD774B008A0057 /* XCRemoteSwiftPackageReference "SwiftSDK" */ = {
			isa = XCRemoteSwiftPackageReference;
			repositoryURL = "https://github.com/TelemetryDeck/SwiftSDK";
			requirement = {
				kind = upToNextMajorVersion;
				minimumVersion = 2.5.0;
			};
		};
/* End XCRemoteSwiftPackageReference section */

/* Begin XCSwiftPackageProductDependency section */
		3730E00C27A17B27006FCA5E /* OctoKit */ = {
			isa = XCSwiftPackageProductDependency;
			package = 3730E00B27A17B27006FCA5E /* XCRemoteSwiftPackageReference "octokit" */;
			productName = OctoKit;
		};
		3769730B28A52743004D9BEF /* RevenueCat */ = {
			isa = XCSwiftPackageProductDependency;
			package = 3769730A28A52743004D9BEF /* XCRemoteSwiftPackageReference "purchases-ios" */;
			productName = RevenueCat;
		};
		377087D627AABFF000B0754A /* CoffeeToast */ = {
			isa = XCSwiftPackageProductDependency;
			package = 377087D527AABFF000B0754A /* XCRemoteSwiftPackageReference "CoffeeToast" */;
			productName = CoffeeToast;
		};
		37EAFA8F27AF31530092C11E /* OSCKit */ = {
			isa = XCSwiftPackageProductDependency;
			package = 37EAFA8E27AF31530092C11E /* XCRemoteSwiftPackageReference "OSCKit" */;
			productName = OSCKit;
		};
		692677A22D0943500006895D /* AppRouter */ = {
			isa = XCSwiftPackageProductDependency;
			productName = AppRouter;
		};
		693137A32CE1579000562B73 /* PostHog */ = {
			isa = XCSwiftPackageProductDependency;
			package = 693137A22CE1579000562B73 /* XCRemoteSwiftPackageReference "posthog-ios" */;
			productName = PostHog;
		};
		69666DE82CDD774B008A0057 /* TelemetryDeck */ = {
			isa = XCSwiftPackageProductDependency;
			package = 69666DE72CDD774B008A0057 /* XCRemoteSwiftPackageReference "SwiftSDK" */;
			productName = TelemetryDeck;
		};
/* End XCSwiftPackageProductDependency section */
	};
	rootObject = 15DA266B251237D60063E236 /* Project object */;
}
