// !$*UTF8*$!
{
	archiveVersion = 1;
	classes = {
	};
	objectVersion = 56;
	objects = {

/* Begin PBXBuildFile section */
		695116C82B5CBE520006B04F /* iHog.xcdatamodeld in Sources */ = {isa = PBXBuildFile; fileRef = 695116C62B5CBE520006B04F /* iHog.xcdatamodeld */; };
		695116CB2B5CC0EA0006B04F /* ShowMockData.swift in Sources */ = {isa = PBXBuildFile; fileRef = 695116CA2B5CC0EA0006B04F /* ShowMockData.swift */; };
		695116CE2B5CC35D0006B04F /* ShowEntity.swift in Sources */ = {isa = PBXBuildFile; fileRef = 695116CD2B5CC35D0006B04F /* ShowEntity.swift */; };
		695116D12B5CC6A80006B04F /* AboutSection.swift in Sources */ = {isa = PBXBuildFile; fileRef = 695116D02B5CC6A80006B04F /* AboutSection.swift */; };
		695116D62B5CC6DF0006B04F /* PreviewListSection.swift in Sources */ = {isa = PBXBuildFile; fileRef = 695116D52B5CC6DF0006B04F /* PreviewListSection.swift */; };
		695116D82B5DBDA60006B04F /* PreviewList.swift in Sources */ = {isa = PBXBuildFile; fileRef = 695116D72B5DBDA60006B04F /* PreviewList.swift */; };
		695116DA2B5DC0600006B04F /* InfoRow.swift in Sources */ = {isa = PBXBuildFile; fileRef = 695116D92B5DC0600006B04F /* InfoRow.swift */; };
		695116DD2B5DC17E0006B04F /* ShowCreationView.swift in Sources */ = {isa = PBXBuildFile; fileRef = 695116DC2B5DC17E0006B04F /* ShowCreationView.swift */; };
		695116DF2B5DC4520006B04F /* Localizable.xcstrings in Resources */ = {isa = PBXBuildFile; fileRef = 695116DE2B5DC4520006B04F /* Localizable.xcstrings */; };
		695116E32B5DD57F0006B04F /* ShowManager.swift in Sources */ = {isa = PBXBuildFile; fileRef = 695116E22B5DD57F0006B04F /* ShowManager.swift */; };
		695116E62B5E05820006B04F /* Router.swift in Sources */ = {isa = PBXBuildFile; fileRef = 695116E52B5E05820006B04F /* Router.swift */; };
		695116E82B5E05B10006B04F /* RouterDestination.swift in Sources */ = {isa = PBXBuildFile; fileRef = 695116E72B5E05B10006B04F /* RouterDestination.swift */; };
		695116EA2B5E090E0006B04F /* appRouterDestination.swift in Sources */ = {isa = PBXBuildFile; fileRef = 695116E92B5E090E0006B04F /* appRouterDestination.swift */; };
		695116ED2B5E0A880006B04F /* AlertReason.swift in Sources */ = {isa = PBXBuildFile; fileRef = 695116EC2B5E0A880006B04F /* AlertReason.swift */; };
		695116EF2B5E0CB20006B04F /* AlertManager.swift in Sources */ = {isa = PBXBuildFile; fileRef = 695116EE2B5E0CB20006B04F /* AlertManager.swift */; };
		695116F12B5E0F480006B04F /* HogAlert.swift in Sources */ = {isa = PBXBuildFile; fileRef = 695116F02B5E0F480006B04F /* HogAlert.swift */; };
		695116F42B5E1E680006B04F /* SelectedShowView.swift in Sources */ = {isa = PBXBuildFile; fileRef = 695116F32B5E1E680006B04F /* SelectedShowView.swift */; };
		695116F62B5E1F440006B04F /* FetchRequestBuilder.swift in Sources */ = {isa = PBXBuildFile; fileRef = 695116F52B5E1F440006B04F /* FetchRequestBuilder.swift */; };
		695116F92B5E265B0006B04F /* ShowFixture.swift in Sources */ = {isa = PBXBuildFile; fileRef = 695116F82B5E265B0006B04F /* ShowFixture.swift */; };
		695116FB2B5E29220006B04F /* ShowRouterDestination.swift in Sources */ = {isa = PBXBuildFile; fileRef = 695116FA2B5E29220006B04F /* ShowRouterDestination.swift */; };
		695116FE2B5EA6000006B04F /* ShowMenu.swift in Sources */ = {isa = PBXBuildFile; fileRef = 695116FD2B5EA6000006B04F /* ShowMenu.swift */; };
		695117002B5EA6A10006B04F /* Constants.swift in Sources */ = {isa = PBXBuildFile; fileRef = 695116FF2B5EA6A10006B04F /* Constants.swift */; };
		695117052B5EAA330006B04F /* ShowRouter.swift in Sources */ = {isa = PBXBuildFile; fileRef = 695117042B5EAA330006B04F /* ShowRouter.swift */; };
		695117082B5EBB930006B04F /* RevenueCat in Frameworks */ = {isa = PBXBuildFile; productRef = 695117072B5EBB930006B04F /* RevenueCat */; };
		6951170A2B5EBB930006B04F /* RevenueCatUI in Frameworks */ = {isa = PBXBuildFile; productRef = 695117092B5EBB930006B04F /* RevenueCatUI */; };
		6951170D2B5EBBBD0006B04F /* StoreKit.framework in Frameworks */ = {isa = PBXBuildFile; fileRef = 6951170C2B5EBBBD0006B04F /* StoreKit.framework */; };
		695117142B5EBD3F0006B04F /* UserLevelManager.swift in Sources */ = {isa = PBXBuildFile; fileRef = 695117132B5EBD3F0006B04F /* UserLevelManager.swift */; };
		695117162B5EBDC70006B04F /* AccessLevel.swift in Sources */ = {isa = PBXBuildFile; fileRef = 695117152B5EBDC70006B04F /* AccessLevel.swift */; };
		695117182B5EBDE60006B04F /* Feature.swift in Sources */ = {isa = PBXBuildFile; fileRef = 695117172B5EBDE60006B04F /* Feature.swift */; };
		6951171A2B5EBF470006B04F /* RCConstant.swift in Sources */ = {isa = PBXBuildFile; fileRef = 695117192B5EBF470006B04F /* RCConstant.swift */; };
		6951171C2B5EC1240006B04F /* UserDefaultKey.swift in Sources */ = {isa = PBXBuildFile; fileRef = 6951171B2B5EC1240006B04F /* UserDefaultKey.swift */; };
		6951171F2B5ECB4B0006B04F /* NetworkManager.swift in Sources */ = {isa = PBXBuildFile; fileRef = 6951171E2B5ECB4B0006B04F /* NetworkManager.swift */; };
		695117222B5ED2840006B04F /* Logger.swift in Sources */ = {isa = PBXBuildFile; fileRef = 695117212B5ED2840006B04F /* Logger.swift */; };
		696AF4A02B6360D60066F028 /* MYPackageView.swift in Sources */ = {isa = PBXBuildFile; fileRef = 696AF49F2B6360D60066F028 /* MYPackageView.swift */; };
		696C537D2B73CB19002156B8 /* HardwareButton.swift in Sources */ = {isa = PBXBuildFile; fileRef = 696C537C2B73CB19002156B8 /* HardwareButton.swift */; };
		696C537F2B73CD21002156B8 /* PressActions.swift in Sources */ = {isa = PBXBuildFile; fileRef = 696C537E2B73CD21002156B8 /* PressActions.swift */; };
		696C53812B74755C002156B8 /* PlaybackKey.swift in Sources */ = {isa = PBXBuildFile; fileRef = 696C53802B74755C002156B8 /* PlaybackKey.swift */; };
		69773AC82B7483AC00C47316 /* ProgrammerScreen.swift in Sources */ = {isa = PBXBuildFile; fileRef = 69773AC72B7483AC00C47316 /* ProgrammerScreen.swift */; };
		69773ACB2B74848700C47316 /* PadProgrammerView.swift in Sources */ = {isa = PBXBuildFile; fileRef = 69773ACA2B74848700C47316 /* PadProgrammerView.swift */; };
		69773ACF2B74873D00C47316 /* GridConstant.swift in Sources */ = {isa = PBXBuildFile; fileRef = 69773ACE2B74873D00C47316 /* GridConstant.swift */; };
		69773AD12B7487FC00C47316 /* HardwareButtonsThreeAcross.swift in Sources */ = {isa = PBXBuildFile; fileRef = 69773AD02B7487FC00C47316 /* HardwareButtonsThreeAcross.swift */; };
		69773AD72B75164200C47316 /* HogKey+Groups.swift in Sources */ = {isa = PBXBuildFile; fileRef = 69773AD62B75164200C47316 /* HogKey+Groups.swift */; };
		697BD73D2B6322F8009CBB5F /* SubscriptionRow.swift in Sources */ = {isa = PBXBuildFile; fileRef = 697BD73C2B6322F8009CBB5F /* SubscriptionRow.swift */; };
		697BD73F2B632485009CBB5F /* SheetDestination.swift in Sources */ = {isa = PBXBuildFile; fileRef = 697BD73E2B632485009CBB5F /* SheetDestination.swift */; };
		697BD7412B6328F5009CBB5F /* DefaultPaywallView.swift in Sources */ = {isa = PBXBuildFile; fileRef = 697BD7402B6328F5009CBB5F /* DefaultPaywallView.swift */; };
		697BD7452B635013009CBB5F /* StoreKitTestCertificate.cer in Resources */ = {isa = PBXBuildFile; fileRef = 697BD7442B635013009CBB5F /* StoreKitTestCertificate.cer */; };
		697BD7472B635224009CBB5F /* MonthAndYearOptionView.swift in Sources */ = {isa = PBXBuildFile; fileRef = 697BD7462B635224009CBB5F /* MonthAndYearOptionView.swift */; };
		699DA6CD2B5C541300B61547 /* iHogApp.swift in Sources */ = {isa = PBXBuildFile; fileRef = 699DA6CC2B5C541300B61547 /* iHogApp.swift */; };
		699DA6CF2B5C541300B61547 /* ContentView.swift in Sources */ = {isa = PBXBuildFile; fileRef = 699DA6CE2B5C541300B61547 /* ContentView.swift */; };
		699DA6D12B5C541400B61547 /* Assets.xcassets in Resources */ = {isa = PBXBuildFile; fileRef = 699DA6D02B5C541400B61547 /* Assets.xcassets */; };
		699DA6D42B5C541400B61547 /* Preview Assets.xcassets in Resources */ = {isa = PBXBuildFile; fileRef = 699DA6D32B5C541400B61547 /* Preview Assets.xcassets */; };
		699DA6D62B5C541400B61547 /* Persistence.swift in Sources */ = {isa = PBXBuildFile; fileRef = 699DA6D52B5C541400B61547 /* Persistence.swift */; };
		699DA6E42B5C549A00B61547 /* LaunchScreenView.swift in Sources */ = {isa = PBXBuildFile; fileRef = 699DA6E32B5C549A00B61547 /* LaunchScreenView.swift */; };
		699DA6E72B5CBC9800B61547 /* AllShowsView.swift in Sources */ = {isa = PBXBuildFile; fileRef = 699DA6E62B5CBC9800B61547 /* AllShowsView.swift */; };
		69AD9F552B72E3AF00974060 /* KeypadView.swift in Sources */ = {isa = PBXBuildFile; fileRef = 69AD9F542B72E3AF00974060 /* KeypadView.swift */; };
		69AD9F572B72E54D00974060 /* HogKey.swift in Sources */ = {isa = PBXBuildFile; fileRef = 69AD9F562B72E54D00974060 /* HogKey.swift */; };
		69AD9F592B72EBFF00974060 /* PhoneProgrammerView.swift in Sources */ = {isa = PBXBuildFile; fileRef = 69AD9F582B72EBFF00974060 /* PhoneProgrammerView.swift */; };
		69AD9F5B2B72F76B00974060 /* HardwareButtonsFourAcross.swift in Sources */ = {isa = PBXBuildFile; fileRef = 69AD9F5A2B72F76B00974060 /* HardwareButtonsFourAcross.swift */; };
		69AD9F5E2B7318D500974060 /* OSCManager+Receiver.swift in Sources */ = {isa = PBXBuildFile; fileRef = 69AD9F5D2B7318D500974060 /* OSCManager+Receiver.swift */; };
		69AD9F602B731E4A00974060 /* PersistenceController.swift in Sources */ = {isa = PBXBuildFile; fileRef = 69AD9F5F2B731E4A00974060 /* PersistenceController.swift */; };
		69AD9F622B7323C900974060 /* HogStatus.swift in Sources */ = {isa = PBXBuildFile; fileRef = 69AD9F612B7323C900974060 /* HogStatus.swift */; };
		69AD9F652B7336B600974060 /* PlaybackHardwareView.swift in Sources */ = {isa = PBXBuildFile; fileRef = 69AD9F642B7336B600974060 /* PlaybackHardwareView.swift */; };
		69AD9F682B73BED600974060 /* PlaybackBar.swift in Sources */ = {isa = PBXBuildFile; fileRef = 69AD9F672B73BED600974060 /* PlaybackBar.swift */; };
		69B75BB92B72CDAA00A696C7 /* IPHelper.swift in Sources */ = {isa = PBXBuildFile; fileRef = 69B75BB82B72CDAA00A696C7 /* IPHelper.swift */; };
		69B75BBC2B72D37E00A696C7 /* OSCKit in Frameworks */ = {isa = PBXBuildFile; productRef = 69B75BBB2B72D37E00A696C7 /* OSCKit */; };
		69B75BBE2B72D37E00A696C7 /* OSCKitCore in Frameworks */ = {isa = PBXBuildFile; productRef = 69B75BBD2B72D37E00A696C7 /* OSCKitCore */; };
		69B75BC02B72D4D200A696C7 /* OSCManager.swift in Sources */ = {isa = PBXBuildFile; fileRef = 69B75BBF2B72D4D200A696C7 /* OSCManager.swift */; };
		69B866A92B7054AE003EAD38 /* SubscriptionManagementView.swift in Sources */ = {isa = PBXBuildFile; fileRef = 69B866A82B7054AE003EAD38 /* SubscriptionManagementView.swift */; };
		69B866AC2B71DB2C003EAD38 /* WishKit in Frameworks */ = {isa = PBXBuildFile; productRef = 69B866AB2B71DB2C003EAD38 /* WishKit */; };
		69B866AE2B71DC4D003EAD38 /* WishKitConstant.swift in Sources */ = {isa = PBXBuildFile; fileRef = 69B866AD2B71DC4D003EAD38 /* WishKitConstant.swift */; };
		69B866B02B71DD19003EAD38 /* ContactSection.swift in Sources */ = {isa = PBXBuildFile; fileRef = 69B866AF2B71DD19003EAD38 /* ContactSection.swift */; };
		69B866B32B71E553003EAD38 /* OSCSettingsSection.swift in Sources */ = {isa = PBXBuildFile; fileRef = 69B866B22B71E553003EAD38 /* OSCSettingsSection.swift */; };
		69B866B62B72BFA7003EAD38 /* OSCConfigView.swift in Sources */ = {isa = PBXBuildFile; fileRef = 69B866B52B72BFA7003EAD38 /* OSCConfigView.swift */; };
		69C710E22B642FCC0027BF0B /* View+Extensions.swift in Sources */ = {isa = PBXBuildFile; fileRef = 69C710E12B642FCC0027BF0B /* View+Extensions.swift */; };
		69C710E42B64308B0027BF0B /* PreferenceKeys.swift in Sources */ = {isa = PBXBuildFile; fileRef = 69C710E32B64308B0027BF0B /* PreferenceKeys.swift */; };
		69C710E62B644BC60027BF0B /* RevenueCat+Extensions.swift in Sources */ = {isa = PBXBuildFile; fileRef = 69C710E52B644BC60027BF0B /* RevenueCat+Extensions.swift */; };
/* End PBXBuildFile section */

/* Begin PBXFileReference section */
		695116C72B5CBE520006B04F /* iHog.xcdatamodel */ = {isa = PBXFileReference; lastKnownFileType = wrapper.xcdatamodel; path = iHog.xcdatamodel; sourceTree = "<group>"; };
		695116CA2B5CC0EA0006B04F /* ShowMockData.swift */ = {isa = PBXFileReference; lastKnownFileType = sourcecode.swift; path = ShowMockData.swift; sourceTree = "<group>"; };
		695116CD2B5CC35D0006B04F /* ShowEntity.swift */ = {isa = PBXFileReference; lastKnownFileType = sourcecode.swift; path = ShowEntity.swift; sourceTree = "<group>"; };
		695116D02B5CC6A80006B04F /* AboutSection.swift */ = {isa = PBXFileReference; lastKnownFileType = sourcecode.swift; path = AboutSection.swift; sourceTree = "<group>"; };
		695116D52B5CC6DF0006B04F /* PreviewListSection.swift */ = {isa = PBXFileReference; lastKnownFileType = sourcecode.swift; path = PreviewListSection.swift; sourceTree = "<group>"; };
		695116D72B5DBDA60006B04F /* PreviewList.swift */ = {isa = PBXFileReference; lastKnownFileType = sourcecode.swift; path = PreviewList.swift; sourceTree = "<group>"; };
		695116D92B5DC0600006B04F /* InfoRow.swift */ = {isa = PBXFileReference; lastKnownFileType = sourcecode.swift; path = InfoRow.swift; sourceTree = "<group>"; };
		695116DC2B5DC17E0006B04F /* ShowCreationView.swift */ = {isa = PBXFileReference; lastKnownFileType = sourcecode.swift; path = ShowCreationView.swift; sourceTree = "<group>"; };
		695116DE2B5DC4520006B04F /* Localizable.xcstrings */ = {isa = PBXFileReference; lastKnownFileType = text.json.xcstrings; path = Localizable.xcstrings; sourceTree = "<group>"; };
		695116E22B5DD57F0006B04F /* ShowManager.swift */ = {isa = PBXFileReference; lastKnownFileType = sourcecode.swift; path = ShowManager.swift; sourceTree = "<group>"; };
		695116E52B5E05820006B04F /* Router.swift */ = {isa = PBXFileReference; lastKnownFileType = sourcecode.swift; path = Router.swift; sourceTree = "<group>"; };
		695116E72B5E05B10006B04F /* RouterDestination.swift */ = {isa = PBXFileReference; lastKnownFileType = sourcecode.swift; path = RouterDestination.swift; sourceTree = "<group>"; };
		695116E92B5E090E0006B04F /* appRouterDestination.swift */ = {isa = PBXFileReference; lastKnownFileType = sourcecode.swift; path = appRouterDestination.swift; sourceTree = "<group>"; };
		695116EC2B5E0A880006B04F /* AlertReason.swift */ = {isa = PBXFileReference; lastKnownFileType = sourcecode.swift; path = AlertReason.swift; sourceTree = "<group>"; };
		695116EE2B5E0CB20006B04F /* AlertManager.swift */ = {isa = PBXFileReference; lastKnownFileType = sourcecode.swift; path = AlertManager.swift; sourceTree = "<group>"; };
		695116F02B5E0F480006B04F /* HogAlert.swift */ = {isa = PBXFileReference; lastKnownFileType = sourcecode.swift; path = HogAlert.swift; sourceTree = "<group>"; };
		695116F32B5E1E680006B04F /* SelectedShowView.swift */ = {isa = PBXFileReference; lastKnownFileType = sourcecode.swift; path = SelectedShowView.swift; sourceTree = "<group>"; };
		695116F52B5E1F440006B04F /* FetchRequestBuilder.swift */ = {isa = PBXFileReference; lastKnownFileType = sourcecode.swift; path = FetchRequestBuilder.swift; sourceTree = "<group>"; };
		695116F82B5E265B0006B04F /* ShowFixture.swift */ = {isa = PBXFileReference; lastKnownFileType = sourcecode.swift; path = ShowFixture.swift; sourceTree = "<group>"; };
		695116FA2B5E29220006B04F /* ShowRouterDestination.swift */ = {isa = PBXFileReference; lastKnownFileType = sourcecode.swift; path = ShowRouterDestination.swift; sourceTree = "<group>"; };
		695116FD2B5EA6000006B04F /* ShowMenu.swift */ = {isa = PBXFileReference; lastKnownFileType = sourcecode.swift; path = ShowMenu.swift; sourceTree = "<group>"; };
		695116FF2B5EA6A10006B04F /* Constants.swift */ = {isa = PBXFileReference; lastKnownFileType = sourcecode.swift; path = Constants.swift; sourceTree = "<group>"; };
		695117042B5EAA330006B04F /* ShowRouter.swift */ = {isa = PBXFileReference; lastKnownFileType = sourcecode.swift; path = ShowRouter.swift; sourceTree = "<group>"; };
		6951170C2B5EBBBD0006B04F /* StoreKit.framework */ = {isa = PBXFileReference; lastKnownFileType = wrapper.framework; name = StoreKit.framework; path = System/Library/Frameworks/StoreKit.framework; sourceTree = SDKROOT; };
		695117132B5EBD3F0006B04F /* UserLevelManager.swift */ = {isa = PBXFileReference; lastKnownFileType = sourcecode.swift; path = UserLevelManager.swift; sourceTree = "<group>"; };
		695117152B5EBDC70006B04F /* AccessLevel.swift */ = {isa = PBXFileReference; lastKnownFileType = sourcecode.swift; path = AccessLevel.swift; sourceTree = "<group>"; };
		695117172B5EBDE60006B04F /* Feature.swift */ = {isa = PBXFileReference; lastKnownFileType = sourcecode.swift; path = Feature.swift; sourceTree = "<group>"; };
		695117192B5EBF470006B04F /* RCConstant.swift */ = {isa = PBXFileReference; lastKnownFileType = sourcecode.swift; path = RCConstant.swift; sourceTree = "<group>"; };
		6951171B2B5EC1240006B04F /* UserDefaultKey.swift */ = {isa = PBXFileReference; lastKnownFileType = sourcecode.swift; path = UserDefaultKey.swift; sourceTree = "<group>"; };
		6951171E2B5ECB4B0006B04F /* NetworkManager.swift */ = {isa = PBXFileReference; lastKnownFileType = sourcecode.swift; path = NetworkManager.swift; sourceTree = "<group>"; };
		695117212B5ED2840006B04F /* Logger.swift */ = {isa = PBXFileReference; lastKnownFileType = sourcecode.swift; path = Logger.swift; sourceTree = "<group>"; };
		696AF49F2B6360D60066F028 /* MYPackageView.swift */ = {isa = PBXFileReference; lastKnownFileType = sourcecode.swift; path = MYPackageView.swift; sourceTree = "<group>"; };
		696C537C2B73CB19002156B8 /* HardwareButton.swift */ = {isa = PBXFileReference; lastKnownFileType = sourcecode.swift; path = HardwareButton.swift; sourceTree = "<group>"; };
		696C537E2B73CD21002156B8 /* PressActions.swift */ = {isa = PBXFileReference; lastKnownFileType = sourcecode.swift; path = PressActions.swift; sourceTree = "<group>"; };
		696C53802B74755C002156B8 /* PlaybackKey.swift */ = {isa = PBXFileReference; lastKnownFileType = sourcecode.swift; path = PlaybackKey.swift; sourceTree = "<group>"; };
		69773AC72B7483AC00C47316 /* ProgrammerScreen.swift */ = {isa = PBXFileReference; lastKnownFileType = sourcecode.swift; path = ProgrammerScreen.swift; sourceTree = "<group>"; };
		69773ACA2B74848700C47316 /* PadProgrammerView.swift */ = {isa = PBXFileReference; lastKnownFileType = sourcecode.swift; path = PadProgrammerView.swift; sourceTree = "<group>"; };
		69773ACE2B74873D00C47316 /* GridConstant.swift */ = {isa = PBXFileReference; lastKnownFileType = sourcecode.swift; path = GridConstant.swift; sourceTree = "<group>"; };
		69773AD02B7487FC00C47316 /* HardwareButtonsThreeAcross.swift */ = {isa = PBXFileReference; lastKnownFileType = sourcecode.swift; path = HardwareButtonsThreeAcross.swift; sourceTree = "<group>"; };
		69773AD62B75164200C47316 /* HogKey+Groups.swift */ = {isa = PBXFileReference; lastKnownFileType = sourcecode.swift; path = "HogKey+Groups.swift"; sourceTree = "<group>"; };
		697BD73C2B6322F8009CBB5F /* SubscriptionRow.swift */ = {isa = PBXFileReference; lastKnownFileType = sourcecode.swift; path = SubscriptionRow.swift; sourceTree = "<group>"; };
		697BD73E2B632485009CBB5F /* SheetDestination.swift */ = {isa = PBXFileReference; lastKnownFileType = sourcecode.swift; path = SheetDestination.swift; sourceTree = "<group>"; };
		697BD7402B6328F5009CBB5F /* DefaultPaywallView.swift */ = {isa = PBXFileReference; lastKnownFileType = sourcecode.swift; path = DefaultPaywallView.swift; sourceTree = "<group>"; };
		697BD7432B634F67009CBB5F /* iHog - OSC Remote for Hog 4.storekit */ = {isa = PBXFileReference; lastKnownFileType = text; path = "iHog - OSC Remote for Hog 4.storekit"; sourceTree = "<group>"; };
		697BD7442B635013009CBB5F /* StoreKitTestCertificate.cer */ = {isa = PBXFileReference; lastKnownFileType = file; name = StoreKitTestCertificate.cer; path = ../../../Resources/StoreKitTestCertificate.cer; sourceTree = "<group>"; };
		697BD7462B635224009CBB5F /* MonthAndYearOptionView.swift */ = {isa = PBXFileReference; lastKnownFileType = sourcecode.swift; path = MonthAndYearOptionView.swift; sourceTree = "<group>"; };
		699DA6C92B5C541300B61547 /* iHog.app */ = {isa = PBXFileReference; explicitFileType = wrapper.application; includeInIndex = 0; path = iHog.app; sourceTree = BUILT_PRODUCTS_DIR; };
		699DA6CC2B5C541300B61547 /* iHogApp.swift */ = {isa = PBXFileReference; lastKnownFileType = sourcecode.swift; path = iHogApp.swift; sourceTree = "<group>"; };
		699DA6CE2B5C541300B61547 /* ContentView.swift */ = {isa = PBXFileReference; lastKnownFileType = sourcecode.swift; path = ContentView.swift; sourceTree = "<group>"; };
		699DA6D02B5C541400B61547 /* Assets.xcassets */ = {isa = PBXFileReference; lastKnownFileType = folder.assetcatalog; path = Assets.xcassets; sourceTree = "<group>"; };
		699DA6D32B5C541400B61547 /* Preview Assets.xcassets */ = {isa = PBXFileReference; lastKnownFileType = folder.assetcatalog; path = "Preview Assets.xcassets"; sourceTree = "<group>"; };
		699DA6D52B5C541400B61547 /* Persistence.swift */ = {isa = PBXFileReference; lastKnownFileType = sourcecode.swift; path = Persistence.swift; sourceTree = "<group>"; };
		699DA6DA2B5C541400B61547 /* iHog.entitlements */ = {isa = PBXFileReference; lastKnownFileType = text.plist.entitlements; path = iHog.entitlements; sourceTree = "<group>"; };
		699DA6DB2B5C541400B61547 /* Info.plist */ = {isa = PBXFileReference; lastKnownFileType = text.plist.xml; path = Info.plist; sourceTree = "<group>"; };
		699DA6E32B5C549A00B61547 /* LaunchScreenView.swift */ = {isa = PBXFileReference; lastKnownFileType = sourcecode.swift; path = LaunchScreenView.swift; sourceTree = "<group>"; };
		699DA6E62B5CBC9800B61547 /* AllShowsView.swift */ = {isa = PBXFileReference; lastKnownFileType = sourcecode.swift; path = AllShowsView.swift; sourceTree = "<group>"; };
		69AD9F542B72E3AF00974060 /* KeypadView.swift */ = {isa = PBXFileReference; lastKnownFileType = sourcecode.swift; path = KeypadView.swift; sourceTree = "<group>"; };
		69AD9F562B72E54D00974060 /* HogKey.swift */ = {isa = PBXFileReference; lastKnownFileType = sourcecode.swift; path = HogKey.swift; sourceTree = "<group>"; };
		69AD9F582B72EBFF00974060 /* PhoneProgrammerView.swift */ = {isa = PBXFileReference; lastKnownFileType = sourcecode.swift; path = PhoneProgrammerView.swift; sourceTree = "<group>"; };
		69AD9F5A2B72F76B00974060 /* HardwareButtonsFourAcross.swift */ = {isa = PBXFileReference; lastKnownFileType = sourcecode.swift; path = HardwareButtonsFourAcross.swift; sourceTree = "<group>"; };
		69AD9F5D2B7318D500974060 /* OSCManager+Receiver.swift */ = {isa = PBXFileReference; lastKnownFileType = sourcecode.swift; path = "OSCManager+Receiver.swift"; sourceTree = "<group>"; };
		69AD9F5F2B731E4A00974060 /* PersistenceController.swift */ = {isa = PBXFileReference; lastKnownFileType = sourcecode.swift; path = PersistenceController.swift; sourceTree = "<group>"; };
		69AD9F612B7323C900974060 /* HogStatus.swift */ = {isa = PBXFileReference; lastKnownFileType = sourcecode.swift; path = HogStatus.swift; sourceTree = "<group>"; };
		69AD9F642B7336B600974060 /* PlaybackHardwareView.swift */ = {isa = PBXFileReference; lastKnownFileType = sourcecode.swift; path = PlaybackHardwareView.swift; sourceTree = "<group>"; };
		69AD9F672B73BED600974060 /* PlaybackBar.swift */ = {isa = PBXFileReference; lastKnownFileType = sourcecode.swift; path = PlaybackBar.swift; sourceTree = "<group>"; };
		69B75BB82B72CDAA00A696C7 /* IPHelper.swift */ = {isa = PBXFileReference; lastKnownFileType = sourcecode.swift; path = IPHelper.swift; sourceTree = "<group>"; };
		69B75BBF2B72D4D200A696C7 /* OSCManager.swift */ = {isa = PBXFileReference; lastKnownFileType = sourcecode.swift; path = OSCManager.swift; sourceTree = "<group>"; };
		69B866A82B7054AE003EAD38 /* SubscriptionManagementView.swift */ = {isa = PBXFileReference; lastKnownFileType = sourcecode.swift; path = SubscriptionManagementView.swift; sourceTree = "<group>"; };
		69B866AD2B71DC4D003EAD38 /* WishKitConstant.swift */ = {isa = PBXFileReference; lastKnownFileType = sourcecode.swift; path = WishKitConstant.swift; sourceTree = "<group>"; };
		69B866AF2B71DD19003EAD38 /* ContactSection.swift */ = {isa = PBXFileReference; lastKnownFileType = sourcecode.swift; path = ContactSection.swift; sourceTree = "<group>"; };
		69B866B22B71E553003EAD38 /* OSCSettingsSection.swift */ = {isa = PBXFileReference; lastKnownFileType = sourcecode.swift; path = OSCSettingsSection.swift; sourceTree = "<group>"; };
		69B866B52B72BFA7003EAD38 /* OSCConfigView.swift */ = {isa = PBXFileReference; lastKnownFileType = sourcecode.swift; path = OSCConfigView.swift; sourceTree = "<group>"; };
		69C710E12B642FCC0027BF0B /* View+Extensions.swift */ = {isa = PBXFileReference; lastKnownFileType = sourcecode.swift; path = "View+Extensions.swift"; sourceTree = "<group>"; };
		69C710E32B64308B0027BF0B /* PreferenceKeys.swift */ = {isa = PBXFileReference; lastKnownFileType = sourcecode.swift; path = PreferenceKeys.swift; sourceTree = "<group>"; };
		69C710E52B644BC60027BF0B /* RevenueCat+Extensions.swift */ = {isa = PBXFileReference; lastKnownFileType = sourcecode.swift; path = "RevenueCat+Extensions.swift"; sourceTree = "<group>"; };
/* End PBXFileReference section */

/* Begin PBXFrameworksBuildPhase section */
		699DA6C62B5C541300B61547 /* Frameworks */ = {
			isa = PBXFrameworksBuildPhase;
			buildActionMask = 2147483647;
			files = (
				69B75BBC2B72D37E00A696C7 /* OSCKit in Frameworks */,
				6951170D2B5EBBBD0006B04F /* StoreKit.framework in Frameworks */,
				69B75BBE2B72D37E00A696C7 /* OSCKitCore in Frameworks */,
				6951170A2B5EBB930006B04F /* RevenueCatUI in Frameworks */,
				69B866AC2B71DB2C003EAD38 /* WishKit in Frameworks */,
				695117082B5EBB930006B04F /* RevenueCat in Frameworks */,
			);
			runOnlyForDeploymentPostprocessing = 0;
		};
/* End PBXFrameworksBuildPhase section */

/* Begin PBXGroup section */
		695116C92B5CBE5A0006B04F /* DataStore */ = {
			isa = PBXGroup;
			children = (
				695116C62B5CBE520006B04F /* iHog.xcdatamodeld */,
				699DA6D52B5C541400B61547 /* Persistence.swift */,
				695116F52B5E1F440006B04F /* FetchRequestBuilder.swift */,
			);
			path = DataStore;
			sourceTree = "<group>";
		};
		695116CC2B5CC34B0006B04F /* Models */ = {
			isa = PBXGroup;
			children = (
				695116CD2B5CC35D0006B04F /* ShowEntity.swift */,
			);
			path = Models;
			sourceTree = "<group>";
		};
		695116D42B5CC6CA0006B04F /* PreviewStyleHelpers */ = {
			isa = PBXGroup;
			children = (
				695116D52B5CC6DF0006B04F /* PreviewListSection.swift */,
				695116D72B5DBDA60006B04F /* PreviewList.swift */,
			);
			path = PreviewStyleHelpers;
			sourceTree = "<group>";
		};
		695116DB2B5DC14F0006B04F /* ShowManagement */ = {
			isa = PBXGroup;
			children = (
				695116DC2B5DC17E0006B04F /* ShowCreationView.swift */,
				695116E22B5DD57F0006B04F /* ShowManager.swift */,
			);
			path = ShowManagement;
			sourceTree = "<group>";
		};
		695116E42B5E05720006B04F /* AppRouter */ = {
			isa = PBXGroup;
			children = (
				695116E52B5E05820006B04F /* Router.swift */,
				695116E72B5E05B10006B04F /* RouterDestination.swift */,
				695116E92B5E090E0006B04F /* appRouterDestination.swift */,
				697BD73E2B632485009CBB5F /* SheetDestination.swift */,
			);
			path = AppRouter;
			sourceTree = "<group>";
		};
		695116EB2B5E0A770006B04F /* Alert */ = {
			isa = PBXGroup;
			children = (
				695116EC2B5E0A880006B04F /* AlertReason.swift */,
				695116EE2B5E0CB20006B04F /* AlertManager.swift */,
				695116F02B5E0F480006B04F /* HogAlert.swift */,
			);
			path = Alert;
			sourceTree = "<group>";
		};
		695116F22B5E1E5B0006B04F /* SelectedShow */ = {
			isa = PBXGroup;
			children = (
				695117012B5EA7430006B04F /* ShowRouter */,
				695116FC2B5EA5DE0006B04F /* ShowMenu */,
				695116F32B5E1E680006B04F /* SelectedShowView.swift */,
			);
			path = SelectedShow;
			sourceTree = "<group>";
		};
		695116F72B5E264C0006B04F /* Fixtures */ = {
			isa = PBXGroup;
			children = (
				695116F82B5E265B0006B04F /* ShowFixture.swift */,
				695116FF2B5EA6A10006B04F /* Constants.swift */,
			);
			path = Fixtures;
			sourceTree = "<group>";
		};
		695116FC2B5EA5DE0006B04F /* ShowMenu */ = {
			isa = PBXGroup;
			children = (
				695116FD2B5EA6000006B04F /* ShowMenu.swift */,
			);
			path = ShowMenu;
			sourceTree = "<group>";
		};
		695117012B5EA7430006B04F /* ShowRouter */ = {
			isa = PBXGroup;
			children = (
				695116FA2B5E29220006B04F /* ShowRouterDestination.swift */,
				695117042B5EAA330006B04F /* ShowRouter.swift */,
			);
			path = ShowRouter;
			sourceTree = "<group>";
		};
		6951170B2B5EBBBD0006B04F /* Frameworks */ = {
			isa = PBXGroup;
			children = (
				6951170C2B5EBBBD0006B04F /* StoreKit.framework */,
			);
			name = Frameworks;
			sourceTree = "<group>";
		};
		6951170F2B5EBC830006B04F /* Constants */ = {
			isa = PBXGroup;
			children = (
				695117192B5EBF470006B04F /* RCConstant.swift */,
				6951171B2B5EC1240006B04F /* UserDefaultKey.swift */,
				69B866AD2B71DC4D003EAD38 /* WishKitConstant.swift */,
				69AD9F562B72E54D00974060 /* HogKey.swift */,
				69773AD62B75164200C47316 /* HogKey+Groups.swift */,
				69AD9F612B7323C900974060 /* HogStatus.swift */,
				696C53802B74755C002156B8 /* PlaybackKey.swift */,
				69773ACE2B74873D00C47316 /* GridConstant.swift */,
			);
			path = Constants;
			sourceTree = "<group>";
		};
		695117122B5EBD1F0006B04F /* AccessManagement */ = {
			isa = PBXGroup;
			children = (
				695117132B5EBD3F0006B04F /* UserLevelManager.swift */,
				695117152B5EBDC70006B04F /* AccessLevel.swift */,
				695117172B5EBDE60006B04F /* Feature.swift */,
			);
			path = AccessManagement;
			sourceTree = "<group>";
		};
		6951171D2B5ECB3E0006B04F /* NetworkManagement */ = {
			isa = PBXGroup;
			children = (
				6951171E2B5ECB4B0006B04F /* NetworkManager.swift */,
			);
			path = NetworkManagement;
			sourceTree = "<group>";
		};
		695117202B5ED27D0006B04F /* Utilities */ = {
			isa = PBXGroup;
			children = (
				695117212B5ED2840006B04F /* Logger.swift */,
				69B75BB82B72CDAA00A696C7 /* IPHelper.swift */,
			);
			path = Utilities;
			sourceTree = "<group>";
		};
		696C537B2B73CB05002156B8 /* Components */ = {
			isa = PBXGroup;
			children = (
				696C537C2B73CB19002156B8 /* HardwareButton.swift */,
			);
			path = Components;
			sourceTree = "<group>";
		};
		69773AC92B74847800C47316 /* DeviceSpecificViews */ = {
			isa = PBXGroup;
			children = (
				69AD9F582B72EBFF00974060 /* PhoneProgrammerView.swift */,
				69773ACA2B74848700C47316 /* PadProgrammerView.swift */,
			);
			path = DeviceSpecificViews;
			sourceTree = "<group>";
		};
		697BD73B2B6322CE009CBB5F /* SubscriptionManagement */ = {
			isa = PBXGroup;
			children = (
				697BD7482B63607C009CBB5F /* MonthAndYear */,
				697BD73C2B6322F8009CBB5F /* SubscriptionRow.swift */,
				697BD7402B6328F5009CBB5F /* DefaultPaywallView.swift */,
				69B866A82B7054AE003EAD38 /* SubscriptionManagementView.swift */,
			);
			path = SubscriptionManagement;
			sourceTree = "<group>";
		};
		697BD7422B634F45009CBB5F /* Resources */ = {
			isa = PBXGroup;
			children = (
				697BD7432B634F67009CBB5F /* iHog - OSC Remote for Hog 4.storekit */,
				697BD7442B635013009CBB5F /* StoreKitTestCertificate.cer */,
			);
			path = Resources;
			sourceTree = "<group>";
		};
		697BD7482B63607C009CBB5F /* MonthAndYear */ = {
			isa = PBXGroup;
			children = (
				697BD7462B635224009CBB5F /* MonthAndYearOptionView.swift */,
				696AF49F2B6360D60066F028 /* MYPackageView.swift */,
			);
			path = MonthAndYear;
			sourceTree = "<group>";
		};
		699DA6C02B5C541300B61547 = {
			isa = PBXGroup;
			children = (
				699DA6CB2B5C541300B61547 /* iHog */,
				699DA6CA2B5C541300B61547 /* Products */,
				6951170B2B5EBBBD0006B04F /* Frameworks */,
			);
			sourceTree = "<group>";
		};
		699DA6CA2B5C541300B61547 /* Products */ = {
			isa = PBXGroup;
			children = (
				699DA6C92B5C541300B61547 /* iHog.app */,
			);
			name = Products;
			sourceTree = "<group>";
		};
		699DA6CB2B5C541300B61547 /* iHog */ = {
			isa = PBXGroup;
			children = (
				697BD7422B634F45009CBB5F /* Resources */,
				695116CC2B5CC34B0006B04F /* Models */,
				695116C92B5CBE5A0006B04F /* DataStore */,
				699DA6E12B5C548300B61547 /* Features */,
				696C537B2B73CB05002156B8 /* Components */,
				69C710E02B642F720027BF0B /* Helpers */,
				699DA6CC2B5C541300B61547 /* iHogApp.swift */,
				699DA6CE2B5C541300B61547 /* ContentView.swift */,
				695116DE2B5DC4520006B04F /* Localizable.xcstrings */,
				699DA6D02B5C541400B61547 /* Assets.xcassets */,
				699DA6DB2B5C541400B61547 /* Info.plist */,
				699DA6DA2B5C541400B61547 /* iHog.entitlements */,
				699DA6D22B5C541400B61547 /* Preview Content */,
			);
			path = iHog;
			sourceTree = "<group>";
		};
		699DA6D22B5C541400B61547 /* Preview Content */ = {
			isa = PBXGroup;
			children = (
				695116F72B5E264C0006B04F /* Fixtures */,
				695116D42B5CC6CA0006B04F /* PreviewStyleHelpers */,
				699DA6D32B5C541400B61547 /* Preview Assets.xcassets */,
				695116CA2B5CC0EA0006B04F /* ShowMockData.swift */,
				69AD9F5F2B731E4A00974060 /* PersistenceController.swift */,
			);
			path = "Preview Content";
			sourceTree = "<group>";
		};
		699DA6E12B5C548300B61547 /* Features */ = {
			isa = PBXGroup;
			children = (
				69AD9F632B7336AA00974060 /* PlaybackHardware */,
				69AD9F532B72E38900974060 /* ProgrammerHardware */,
				69B866B12B71E542003EAD38 /* OpenSoundControl */,
				6951171D2B5ECB3E0006B04F /* NetworkManagement */,
				695117122B5EBD1F0006B04F /* AccessManagement */,
				695116EB2B5E0A770006B04F /* Alert */,
				695116E42B5E05720006B04F /* AppRouter */,
				699DA6E52B5CBC8C00B61547 /* ShowSelection */,
				695116DB2B5DC14F0006B04F /* ShowManagement */,
				699DA6E22B5C548A00B61547 /* LaunchScreen */,
				697BD73B2B6322CE009CBB5F /* SubscriptionManagement */,
			);
			path = Features;
			sourceTree = "<group>";
		};
		699DA6E22B5C548A00B61547 /* LaunchScreen */ = {
			isa = PBXGroup;
			children = (
				699DA6E32B5C549A00B61547 /* LaunchScreenView.swift */,
				695116D02B5CC6A80006B04F /* AboutSection.swift */,
				695116D92B5DC0600006B04F /* InfoRow.swift */,
				69B866AF2B71DD19003EAD38 /* ContactSection.swift */,
			);
			path = LaunchScreen;
			sourceTree = "<group>";
		};
		699DA6E52B5CBC8C00B61547 /* ShowSelection */ = {
			isa = PBXGroup;
			children = (
				695116F22B5E1E5B0006B04F /* SelectedShow */,
				699DA6E62B5CBC9800B61547 /* AllShowsView.swift */,
			);
			path = ShowSelection;
			sourceTree = "<group>";
		};
		69AD9F532B72E38900974060 /* ProgrammerHardware */ = {
			isa = PBXGroup;
			children = (
				69773AC92B74847800C47316 /* DeviceSpecificViews */,
				69AD9F5C2B72F77300974060 /* Components */,
				69773AC72B7483AC00C47316 /* ProgrammerScreen.swift */,
			);
			path = ProgrammerHardware;
			sourceTree = "<group>";
		};
		69AD9F5C2B72F77300974060 /* Components */ = {
			isa = PBXGroup;
			children = (
				69AD9F542B72E3AF00974060 /* KeypadView.swift */,
				69AD9F5A2B72F76B00974060 /* HardwareButtonsFourAcross.swift */,
				69773AD02B7487FC00C47316 /* HardwareButtonsThreeAcross.swift */,
			);
			path = Components;
			sourceTree = "<group>";
		};
		69AD9F632B7336AA00974060 /* PlaybackHardware */ = {
			isa = PBXGroup;
			children = (
				69AD9F662B73BEB500974060 /* Components */,
				69AD9F642B7336B600974060 /* PlaybackHardwareView.swift */,
			);
			path = PlaybackHardware;
			sourceTree = "<group>";
		};
		69AD9F662B73BEB500974060 /* Components */ = {
			isa = PBXGroup;
			children = (
				69AD9F672B73BED600974060 /* PlaybackBar.swift */,
			);
			path = Components;
			sourceTree = "<group>";
		};
		69B866B12B71E542003EAD38 /* OpenSoundControl */ = {
			isa = PBXGroup;
			children = (
				69B866B42B72BF9E003EAD38 /* Configure */,
				69B866B22B71E553003EAD38 /* OSCSettingsSection.swift */,
				69B75BBF2B72D4D200A696C7 /* OSCManager.swift */,
				69AD9F5D2B7318D500974060 /* OSCManager+Receiver.swift */,
			);
			path = OpenSoundControl;
			sourceTree = "<group>";
		};
		69B866B42B72BF9E003EAD38 /* Configure */ = {
			isa = PBXGroup;
			children = (
				69B866B52B72BFA7003EAD38 /* OSCConfigView.swift */,
			);
			path = Configure;
			sourceTree = "<group>";
		};
		69C710E02B642F720027BF0B /* Helpers */ = {
			isa = PBXGroup;
			children = (
				695117202B5ED27D0006B04F /* Utilities */,
				6951170F2B5EBC830006B04F /* Constants */,
				69C710E12B642FCC0027BF0B /* View+Extensions.swift */,
				69C710E32B64308B0027BF0B /* PreferenceKeys.swift */,
				69C710E52B644BC60027BF0B /* RevenueCat+Extensions.swift */,
				696C537E2B73CD21002156B8 /* PressActions.swift */,
			);
			path = Helpers;
			sourceTree = "<group>";
		};
/* End PBXGroup section */

/* Begin PBXNativeTarget section */
		699DA6C82B5C541300B61547 /* iHog */ = {
			isa = PBXNativeTarget;
			buildConfigurationList = 699DA6DE2B5C541400B61547 /* Build configuration list for PBXNativeTarget "iHog" */;
			buildPhases = (
				699DA6C52B5C541300B61547 /* Sources */,
				699DA6C62B5C541300B61547 /* Frameworks */,
				699DA6C72B5C541300B61547 /* Resources */,
			);
			buildRules = (
			);
			dependencies = (
			);
			name = iHog;
			packageProductDependencies = (
				695117072B5EBB930006B04F /* RevenueCat */,
				695117092B5EBB930006B04F /* RevenueCatUI */,
				69B866AB2B71DB2C003EAD38 /* WishKit */,
				69B75BBB2B72D37E00A696C7 /* OSCKit */,
				69B75BBD2B72D37E00A696C7 /* OSCKitCore */,
			);
			productName = iHog;
			productReference = 699DA6C92B5C541300B61547 /* iHog.app */;
			productType = "com.apple.product-type.application";
		};
/* End PBXNativeTarget section */

/* Begin PBXProject section */
		699DA6C12B5C541300B61547 /* Project object */ = {
			isa = PBXProject;
			attributes = {
				BuildIndependentTargetsInParallel = 1;
				LastSwiftUpdateCheck = 1520;
				LastUpgradeCheck = 1520;
				TargetAttributes = {
					699DA6C82B5C541300B61547 = {
						CreatedOnToolsVersion = 15.2;
					};
				};
			};
			buildConfigurationList = 699DA6C42B5C541300B61547 /* Build configuration list for PBXProject "iHog" */;
			compatibilityVersion = "Xcode 14.0";
			developmentRegion = en;
			hasScannedForEncodings = 0;
			knownRegions = (
				en,
				Base,
			);
			mainGroup = 699DA6C02B5C541300B61547;
			packageReferences = (
				695117062B5EBB930006B04F /* XCRemoteSwiftPackageReference "purchases-ios" */,
				69B866AA2B71DB2C003EAD38 /* XCRemoteSwiftPackageReference "wishkit-ios" */,
				69B75BBA2B72D37E00A696C7 /* XCRemoteSwiftPackageReference "OSCKit" */,
			);
			productRefGroup = 699DA6CA2B5C541300B61547 /* Products */;
			projectDirPath = "";
			projectRoot = "";
			targets = (
				699DA6C82B5C541300B61547 /* iHog */,
			);
		};
/* End PBXProject section */

/* Begin PBXResourcesBuildPhase section */
		699DA6C72B5C541300B61547 /* Resources */ = {
			isa = PBXResourcesBuildPhase;
			buildActionMask = 2147483647;
			files = (
				699DA6D42B5C541400B61547 /* Preview Assets.xcassets in Resources */,
				699DA6D12B5C541400B61547 /* Assets.xcassets in Resources */,
				695116DF2B5DC4520006B04F /* Localizable.xcstrings in Resources */,
				697BD7452B635013009CBB5F /* StoreKitTestCertificate.cer in Resources */,
			);
			runOnlyForDeploymentPostprocessing = 0;
		};
/* End PBXResourcesBuildPhase section */

/* Begin PBXSourcesBuildPhase section */
		699DA6C52B5C541300B61547 /* Sources */ = {
			isa = PBXSourcesBuildPhase;
			buildActionMask = 2147483647;
			files = (
				695116F42B5E1E680006B04F /* SelectedShowView.swift in Sources */,
				69B866A92B7054AE003EAD38 /* SubscriptionManagementView.swift in Sources */,
				695117052B5EAA330006B04F /* ShowRouter.swift in Sources */,
				695116ED2B5E0A880006B04F /* AlertReason.swift in Sources */,
				69AD9F602B731E4A00974060 /* PersistenceController.swift in Sources */,
				69B866B02B71DD19003EAD38 /* ContactSection.swift in Sources */,
				69B75BC02B72D4D200A696C7 /* OSCManager.swift in Sources */,
				695116C82B5CBE520006B04F /* iHog.xcdatamodeld in Sources */,
				699DA6E42B5C549A00B61547 /* LaunchScreenView.swift in Sources */,
				69773AC82B7483AC00C47316 /* ProgrammerScreen.swift in Sources */,
				69773AD12B7487FC00C47316 /* HardwareButtonsThreeAcross.swift in Sources */,
				695117142B5EBD3F0006B04F /* UserLevelManager.swift in Sources */,
				69AD9F5B2B72F76B00974060 /* HardwareButtonsFourAcross.swift in Sources */,
				695116DD2B5DC17E0006B04F /* ShowCreationView.swift in Sources */,
				695116D12B5CC6A80006B04F /* AboutSection.swift in Sources */,
				69B866B32B71E553003EAD38 /* OSCSettingsSection.swift in Sources */,
				697BD73F2B632485009CBB5F /* SheetDestination.swift in Sources */,
				69C710E42B64308B0027BF0B /* PreferenceKeys.swift in Sources */,
				699DA6D62B5C541400B61547 /* Persistence.swift in Sources */,
				696AF4A02B6360D60066F028 /* MYPackageView.swift in Sources */,
				695117002B5EA6A10006B04F /* Constants.swift in Sources */,
				69B866B62B72BFA7003EAD38 /* OSCConfigView.swift in Sources */,
				6951171A2B5EBF470006B04F /* RCConstant.swift in Sources */,
				695116D62B5CC6DF0006B04F /* PreviewListSection.swift in Sources */,
				69773AD72B75164200C47316 /* HogKey+Groups.swift in Sources */,
				695116CE2B5CC35D0006B04F /* ShowEntity.swift in Sources */,
				69B866AE2B71DC4D003EAD38 /* WishKitConstant.swift in Sources */,
				695116E62B5E05820006B04F /* Router.swift in Sources */,
				695116EF2B5E0CB20006B04F /* AlertManager.swift in Sources */,
				6951171F2B5ECB4B0006B04F /* NetworkManager.swift in Sources */,
				697BD7472B635224009CBB5F /* MonthAndYearOptionView.swift in Sources */,
				697BD73D2B6322F8009CBB5F /* SubscriptionRow.swift in Sources */,
				695116FE2B5EA6000006B04F /* ShowMenu.swift in Sources */,
				69773ACF2B74873D00C47316 /* GridConstant.swift in Sources */,
				696C537D2B73CB19002156B8 /* HardwareButton.swift in Sources */,
				695116E82B5E05B10006B04F /* RouterDestination.swift in Sources */,
				695116F92B5E265B0006B04F /* ShowFixture.swift in Sources */,
				699DA6E72B5CBC9800B61547 /* AllShowsView.swift in Sources */,
				699DA6CF2B5C541300B61547 /* ContentView.swift in Sources */,
				695116CB2B5CC0EA0006B04F /* ShowMockData.swift in Sources */,
				695116FB2B5E29220006B04F /* ShowRouterDestination.swift in Sources */,
				69AD9F652B7336B600974060 /* PlaybackHardwareView.swift in Sources */,
				69AD9F592B72EBFF00974060 /* PhoneProgrammerView.swift in Sources */,
				695116DA2B5DC0600006B04F /* InfoRow.swift in Sources */,
				69B75BB92B72CDAA00A696C7 /* IPHelper.swift in Sources */,
				695116F62B5E1F440006B04F /* FetchRequestBuilder.swift in Sources */,
				695117222B5ED2840006B04F /* Logger.swift in Sources */,
				696C537F2B73CD21002156B8 /* PressActions.swift in Sources */,
				69773ACB2B74848700C47316 /* PadProgrammerView.swift in Sources */,
				695117182B5EBDE60006B04F /* Feature.swift in Sources */,
				695116F12B5E0F480006B04F /* HogAlert.swift in Sources */,
				699DA6CD2B5C541300B61547 /* iHogApp.swift in Sources */,
				69AD9F572B72E54D00974060 /* HogKey.swift in Sources */,
				695116E32B5DD57F0006B04F /* ShowManager.swift in Sources */,
				6951171C2B5EC1240006B04F /* UserDefaultKey.swift in Sources */,
				695116EA2B5E090E0006B04F /* appRouterDestination.swift in Sources */,
				696C53812B74755C002156B8 /* PlaybackKey.swift in Sources */,
				695117162B5EBDC70006B04F /* AccessLevel.swift in Sources */,
				697BD7412B6328F5009CBB5F /* DefaultPaywallView.swift in Sources */,
				69AD9F552B72E3AF00974060 /* KeypadView.swift in Sources */,
				69AD9F682B73BED600974060 /* PlaybackBar.swift in Sources */,
				69C710E62B644BC60027BF0B /* RevenueCat+Extensions.swift in Sources */,
				69AD9F622B7323C900974060 /* HogStatus.swift in Sources */,
				69C710E22B642FCC0027BF0B /* View+Extensions.swift in Sources */,
				69AD9F5E2B7318D500974060 /* OSCManager+Receiver.swift in Sources */,
				695116D82B5DBDA60006B04F /* PreviewList.swift in Sources */,
			);
			runOnlyForDeploymentPostprocessing = 0;
		};
/* End PBXSourcesBuildPhase section */

/* Begin XCBuildConfiguration section */
		699DA6DC2B5C541400B61547 /* Debug */ = {
			isa = XCBuildConfiguration;
			buildSettings = {
				ALWAYS_SEARCH_USER_PATHS = NO;
				ASSETCATALOG_COMPILER_GENERATE_SWIFT_ASSET_SYMBOL_EXTENSIONS = YES;
				CLANG_ANALYZER_NONNULL = YES;
				CLANG_ANALYZER_NUMBER_OBJECT_CONVERSION = YES_AGGRESSIVE;
				CLANG_CXX_LANGUAGE_STANDARD = "gnu++20";
				CLANG_ENABLE_MODULES = YES;
				CLANG_ENABLE_OBJC_ARC = YES;
				CLANG_ENABLE_OBJC_WEAK = YES;
				CLANG_WARN_BLOCK_CAPTURE_AUTORELEASING = YES;
				CLANG_WARN_BOOL_CONVERSION = YES;
				CLANG_WARN_COMMA = YES;
				CLANG_WARN_CONSTANT_CONVERSION = YES;
				CLANG_WARN_DEPRECATED_OBJC_IMPLEMENTATIONS = YES;
				CLANG_WARN_DIRECT_OBJC_ISA_USAGE = YES_ERROR;
				CLANG_WARN_DOCUMENTATION_COMMENTS = YES;
				CLANG_WARN_EMPTY_BODY = YES;
				CLANG_WARN_ENUM_CONVERSION = YES;
				CLANG_WARN_INFINITE_RECURSION = YES;
				CLANG_WARN_INT_CONVERSION = YES;
				CLANG_WARN_NON_LITERAL_NULL_CONVERSION = YES;
				CLANG_WARN_OBJC_IMPLICIT_RETAIN_SELF = YES;
				CLANG_WARN_OBJC_LITERAL_CONVERSION = YES;
				CLANG_WARN_OBJC_ROOT_CLASS = YES_ERROR;
				CLANG_WARN_QUOTED_INCLUDE_IN_FRAMEWORK_HEADER = YES;
				CLANG_WARN_RANGE_LOOP_ANALYSIS = YES;
				CLANG_WARN_STRICT_PROTOTYPES = YES;
				CLANG_WARN_SUSPICIOUS_MOVE = YES;
				CLANG_WARN_UNGUARDED_AVAILABILITY = YES_AGGRESSIVE;
				CLANG_WARN_UNREACHABLE_CODE = YES;
				CLANG_WARN__DUPLICATE_METHOD_MATCH = YES;
				COPY_PHASE_STRIP = NO;
				DEBUG_INFORMATION_FORMAT = dwarf;
				ENABLE_STRICT_OBJC_MSGSEND = YES;
				ENABLE_TESTABILITY = YES;
				ENABLE_USER_SCRIPT_SANDBOXING = YES;
				GCC_C_LANGUAGE_STANDARD = gnu17;
				GCC_DYNAMIC_NO_PIC = NO;
				GCC_NO_COMMON_BLOCKS = YES;
				GCC_OPTIMIZATION_LEVEL = 0;
				GCC_PREPROCESSOR_DEFINITIONS = (
					"DEBUG=1",
					"$(inherited)",
				);
				GCC_WARN_64_TO_32_BIT_CONVERSION = YES;
				GCC_WARN_ABOUT_RETURN_TYPE = YES_ERROR;
				GCC_WARN_UNDECLARED_SELECTOR = YES;
				GCC_WARN_UNINITIALIZED_AUTOS = YES_AGGRESSIVE;
				GCC_WARN_UNUSED_FUNCTION = YES;
				GCC_WARN_UNUSED_VARIABLE = YES;
				IPHONEOS_DEPLOYMENT_TARGET = 17.2;
				LOCALIZATION_PREFERS_STRING_CATALOGS = YES;
				MTL_ENABLE_DEBUG_INFO = INCLUDE_SOURCE;
				MTL_FAST_MATH = YES;
				ONLY_ACTIVE_ARCH = YES;
				SDKROOT = iphoneos;
				SWIFT_ACTIVE_COMPILATION_CONDITIONS = "DEBUG $(inherited)";
				SWIFT_OPTIMIZATION_LEVEL = "-Onone";
			};
			name = Debug;
		};
		699DA6DD2B5C541400B61547 /* Release */ = {
			isa = XCBuildConfiguration;
			buildSettings = {
				ALWAYS_SEARCH_USER_PATHS = NO;
				ASSETCATALOG_COMPILER_GENERATE_SWIFT_ASSET_SYMBOL_EXTENSIONS = YES;
				CLANG_ANALYZER_NONNULL = YES;
				CLANG_ANALYZER_NUMBER_OBJECT_CONVERSION = YES_AGGRESSIVE;
				CLANG_CXX_LANGUAGE_STANDARD = "gnu++20";
				CLANG_ENABLE_MODULES = YES;
				CLANG_ENABLE_OBJC_ARC = YES;
				CLANG_ENABLE_OBJC_WEAK = YES;
				CLANG_WARN_BLOCK_CAPTURE_AUTORELEASING = YES;
				CLANG_WARN_BOOL_CONVERSION = YES;
				CLANG_WARN_COMMA = YES;
				CLANG_WARN_CONSTANT_CONVERSION = YES;
				CLANG_WARN_DEPRECATED_OBJC_IMPLEMENTATIONS = YES;
				CLANG_WARN_DIRECT_OBJC_ISA_USAGE = YES_ERROR;
				CLANG_WARN_DOCUMENTATION_COMMENTS = YES;
				CLANG_WARN_EMPTY_BODY = YES;
				CLANG_WARN_ENUM_CONVERSION = YES;
				CLANG_WARN_INFINITE_RECURSION = YES;
				CLANG_WARN_INT_CONVERSION = YES;
				CLANG_WARN_NON_LITERAL_NULL_CONVERSION = YES;
				CLANG_WARN_OBJC_IMPLICIT_RETAIN_SELF = YES;
				CLANG_WARN_OBJC_LITERAL_CONVERSION = YES;
				CLANG_WARN_OBJC_ROOT_CLASS = YES_ERROR;
				CLANG_WARN_QUOTED_INCLUDE_IN_FRAMEWORK_HEADER = YES;
				CLANG_WARN_RANGE_LOOP_ANALYSIS = YES;
				CLANG_WARN_STRICT_PROTOTYPES = YES;
				CLANG_WARN_SUSPICIOUS_MOVE = YES;
				CLANG_WARN_UNGUARDED_AVAILABILITY = YES_AGGRESSIVE;
				CLANG_WARN_UNREACHABLE_CODE = YES;
				CLANG_WARN__DUPLICATE_METHOD_MATCH = YES;
				COPY_PHASE_STRIP = NO;
				DEBUG_INFORMATION_FORMAT = "dwarf-with-dsym";
				ENABLE_NS_ASSERTIONS = NO;
				ENABLE_STRICT_OBJC_MSGSEND = YES;
				ENABLE_USER_SCRIPT_SANDBOXING = YES;
				GCC_C_LANGUAGE_STANDARD = gnu17;
				GCC_NO_COMMON_BLOCKS = YES;
				GCC_WARN_64_TO_32_BIT_CONVERSION = YES;
				GCC_WARN_ABOUT_RETURN_TYPE = YES_ERROR;
				GCC_WARN_UNDECLARED_SELECTOR = YES;
				GCC_WARN_UNINITIALIZED_AUTOS = YES_AGGRESSIVE;
				GCC_WARN_UNUSED_FUNCTION = YES;
				GCC_WARN_UNUSED_VARIABLE = YES;
				IPHONEOS_DEPLOYMENT_TARGET = 17.2;
				LOCALIZATION_PREFERS_STRING_CATALOGS = YES;
				MTL_ENABLE_DEBUG_INFO = NO;
				MTL_FAST_MATH = YES;
				SDKROOT = iphoneos;
				SWIFT_COMPILATION_MODE = wholemodule;
				VALIDATE_PRODUCT = YES;
			};
			name = Release;
		};
		699DA6DF2B5C541400B61547 /* Debug */ = {
			isa = XCBuildConfiguration;
			buildSettings = {
				ASSETCATALOG_COMPILER_APPICON_NAME = AppIcon;
				ASSETCATALOG_COMPILER_GLOBAL_ACCENT_COLOR_NAME = AccentColor;
				CODE_SIGN_ENTITLEMENTS = iHog/iHog.entitlements;
				CODE_SIGN_STYLE = Automatic;
				CURRENT_PROJECT_VERSION = 1;
				DEVELOPMENT_ASSET_PATHS = "\"iHog/Preview Content\"";
				DEVELOPMENT_TEAM = ZDK82FGR3Z;
				ENABLE_PREVIEWS = YES;
				GENERATE_INFOPLIST_FILE = YES;
				INFOPLIST_FILE = iHog/Info.plist;
				INFOPLIST_KEY_UIApplicationSceneManifest_Generation = YES;
				INFOPLIST_KEY_UIApplicationSupportsIndirectInputEvents = YES;
				INFOPLIST_KEY_UILaunchScreen_Generation = YES;
				INFOPLIST_KEY_UISupportedInterfaceOrientations = "UIInterfaceOrientationLandscapeLeft UIInterfaceOrientationLandscapeRight UIInterfaceOrientationPortrait UIInterfaceOrientationPortraitUpsideDown";
				LD_RUNPATH_SEARCH_PATHS = (
					"$(inherited)",
					"@executable_path/Frameworks",
				);
				MARKETING_VERSION = 2024.2;
				PRODUCT_BUNDLE_IDENTIFIER = com.appsbymw.hogosc;
				PRODUCT_NAME = "$(TARGET_NAME)";
				SWIFT_EMIT_LOC_STRINGS = YES;
				SWIFT_VERSION = 5.0;
				TARGETED_DEVICE_FAMILY = "1,2";
			};
			name = Debug;
		};
		699DA6E02B5C541400B61547 /* Release */ = {
			isa = XCBuildConfiguration;
			buildSettings = {
				ASSETCATALOG_COMPILER_APPICON_NAME = AppIcon;
				ASSETCATALOG_COMPILER_GLOBAL_ACCENT_COLOR_NAME = AccentColor;
				CODE_SIGN_ENTITLEMENTS = iHog/iHog.entitlements;
				CODE_SIGN_STYLE = Automatic;
				CURRENT_PROJECT_VERSION = 1;
				DEVELOPMENT_ASSET_PATHS = "\"iHog/Preview Content\"";
				DEVELOPMENT_TEAM = ZDK82FGR3Z;
				ENABLE_PREVIEWS = YES;
				GENERATE_INFOPLIST_FILE = YES;
				INFOPLIST_FILE = iHog/Info.plist;
				INFOPLIST_KEY_UIApplicationSceneManifest_Generation = YES;
				INFOPLIST_KEY_UIApplicationSupportsIndirectInputEvents = YES;
				INFOPLIST_KEY_UILaunchScreen_Generation = YES;
				INFOPLIST_KEY_UISupportedInterfaceOrientations = "UIInterfaceOrientationLandscapeLeft UIInterfaceOrientationLandscapeRight UIInterfaceOrientationPortrait UIInterfaceOrientationPortraitUpsideDown";
				LD_RUNPATH_SEARCH_PATHS = (
					"$(inherited)",
					"@executable_path/Frameworks",
				);
				MARKETING_VERSION = 2024.2;
				PRODUCT_BUNDLE_IDENTIFIER = com.appsbymw.hogosc;
				PRODUCT_NAME = "$(TARGET_NAME)";
				SWIFT_EMIT_LOC_STRINGS = YES;
				SWIFT_VERSION = 5.0;
				TARGETED_DEVICE_FAMILY = "1,2";
			};
			name = Release;
		};
/* End XCBuildConfiguration section */

/* Begin XCConfigurationList section */
		699DA6C42B5C541300B61547 /* Build configuration list for PBXProject "iHog" */ = {
			isa = XCConfigurationList;
			buildConfigurations = (
				699DA6DC2B5C541400B61547 /* Debug */,
				699DA6DD2B5C541400B61547 /* Release */,
			);
			defaultConfigurationIsVisible = 0;
			defaultConfigurationName = Release;
		};
		699DA6DE2B5C541400B61547 /* Build configuration list for PBXNativeTarget "iHog" */ = {
			isa = XCConfigurationList;
			buildConfigurations = (
				699DA6DF2B5C541400B61547 /* Debug */,
				699DA6E02B5C541400B61547 /* Release */,
			);
			defaultConfigurationIsVisible = 0;
			defaultConfigurationName = Release;
		};
/* End XCConfigurationList section */

/* Begin XCRemoteSwiftPackageReference section */
		695117062B5EBB930006B04F /* XCRemoteSwiftPackageReference "purchases-ios" */ = {
			isa = XCRemoteSwiftPackageReference;
			repositoryURL = "https://github.com/RevenueCat/purchases-ios.git";
			requirement = {
				kind = upToNextMajorVersion;
				minimumVersion = 4.32.0;
			};
		};
		69B75BBA2B72D37E00A696C7 /* XCRemoteSwiftPackageReference "OSCKit" */ = {
			isa = XCRemoteSwiftPackageReference;
			repositoryURL = "https://github.com/orchetect/OSCKit";
			requirement = {
				kind = upToNextMajorVersion;
				minimumVersion = 0.5.0;
			};
		};
		69B866AA2B71DB2C003EAD38 /* XCRemoteSwiftPackageReference "wishkit-ios" */ = {
			isa = XCRemoteSwiftPackageReference;
			repositoryURL = "https://github.com/wishkit/wishkit-ios.git";
			requirement = {
				kind = upToNextMajorVersion;
				minimumVersion = 4.0.5;
			};
		};
/* End XCRemoteSwiftPackageReference section */

/* Begin XCSwiftPackageProductDependency section */
		695117072B5EBB930006B04F /* RevenueCat */ = {
			isa = XCSwiftPackageProductDependency;
			package = 695117062B5EBB930006B04F /* XCRemoteSwiftPackageReference "purchases-ios" */;
			productName = RevenueCat;
		};
		695117092B5EBB930006B04F /* RevenueCatUI */ = {
			isa = XCSwiftPackageProductDependency;
			package = 695117062B5EBB930006B04F /* XCRemoteSwiftPackageReference "purchases-ios" */;
			productName = RevenueCatUI;
		};
		69B75BBB2B72D37E00A696C7 /* OSCKit */ = {
			isa = XCSwiftPackageProductDependency;
			package = 69B75BBA2B72D37E00A696C7 /* XCRemoteSwiftPackageReference "OSCKit" */;
			productName = OSCKit;
		};
		69B75BBD2B72D37E00A696C7 /* OSCKitCore */ = {
			isa = XCSwiftPackageProductDependency;
			package = 69B75BBA2B72D37E00A696C7 /* XCRemoteSwiftPackageReference "OSCKit" */;
			productName = OSCKitCore;
		};
		69B866AB2B71DB2C003EAD38 /* WishKit */ = {
			isa = XCSwiftPackageProductDependency;
			package = 69B866AA2B71DB2C003EAD38 /* XCRemoteSwiftPackageReference "wishkit-ios" */;
			productName = WishKit;
		};
/* End XCSwiftPackageProductDependency section */

/* Begin XCVersionGroup section */
		695116C62B5CBE520006B04F /* iHog.xcdatamodeld */ = {
			isa = XCVersionGroup;
			children = (
				695116C72B5CBE520006B04F /* iHog.xcdatamodel */,
			);
			currentVersion = 695116C72B5CBE520006B04F /* iHog.xcdatamodel */;
			path = iHog.xcdatamodeld;
			sourceTree = "<group>";
			versionGroupType = wrapper.xcdatamodel;
		};
/* End XCVersionGroup section */
	};
	rootObject = 699DA6C12B5C541300B61547 /* Project object */;
}
