// !$*UTF8*$!
{
	archiveVersion = 1;
	classes = {
	};
	objectVersion = 70;
	objects = {

/* Begin PBXBuildFile section */
		695117082B5EBB930006B04F /* RevenueCat in Frameworks */ = {isa = PBXBuildFile; productRef = 695117072B5EBB930006B04F /* RevenueCat */; };
		6951170A2B5EBB930006B04F /* RevenueCatUI in Frameworks */ = {isa = PBXBuildFile; productRef = 695117092B5EBB930006B04F /* RevenueCatUI */; };
		6951170D2B5EBBBD0006B04F /* StoreKit.framework in Frameworks */ = {isa = PBXBuildFile; fileRef = 6951170C2B5EBBBD0006B04F /* StoreKit.framework */; };
		69B75BBC2B72D37E00A696C7 /* OSCKit in Frameworks */ = {isa = PBXBuildFile; productRef = 69B75BBB2B72D37E00A696C7 /* OSCKit */; };
		69B75BBE2B72D37E00A696C7 /* OSCKitCore in Frameworks */ = {isa = PBXBuildFile; productRef = 69B75BBD2B72D37E00A696C7 /* OSCKitCore */; };
		69B866AC2B71DB2C003EAD38 /* WishKit in Frameworks */ = {isa = PBXBuildFile; productRef = 69B866AB2B71DB2C003EAD38 /* WishKit */; };
/* End PBXBuildFile section */

/* Begin PBXFileReference section */
		6951170C2B5EBBBD0006B04F /* StoreKit.framework */ = {isa = PBXFileReference; lastKnownFileType = wrapper.framework; name = StoreKit.framework; path = System/Library/Frameworks/StoreKit.framework; sourceTree = SDKROOT; };
		699DA6C92B5C541300B61547 /* iHog.app */ = {isa = PBXFileReference; explicitFileType = wrapper.application; includeInIndex = 0; path = iHog.app; sourceTree = BUILT_PRODUCTS_DIR; };
/* End PBXFileReference section */

/* Begin PBXFileSystemSynchronizedBuildFileExceptionSet section */
		694A56482CAB8C6900660E50 /* PBXFileSystemSynchronizedBuildFileExceptionSet */ = {
			isa = PBXFileSystemSynchronizedBuildFileExceptionSet;
			membershipExceptions = (
				Resources/Info.plist,
				"Resources/StoreKit/iHog - OSC Remote for Hog 4.storekit",
			);
			target = 699DA6C82B5C541300B61547 /* iHog */;
		};
/* End PBXFileSystemSynchronizedBuildFileExceptionSet section */

/* Begin PBXFileSystemSynchronizedRootGroup section */
		694A55EC2CAB8C6900660E50 /* iHog */ = {isa = PBXFileSystemSynchronizedRootGroup; exceptions = (694A56482CAB8C6900660E50 /* PBXFileSystemSynchronizedBuildFileExceptionSet */, ); explicitFileTypes = {}; explicitFolders = (); path = iHog; sourceTree = "<group>"; };
/* End PBXFileSystemSynchronizedRootGroup section */

/* Begin PBXFrameworksBuildPhase section */
		699DA6C62B5C541300B61547 /* Frameworks */ = {
			isa = PBXFrameworksBuildPhase;
			buildActionMask = 2147483647;
			files = (
				69B75BBC2B72D37E00A696C7 /* OSCKit in Frameworks */,
				6951170D2B5EBBBD0006B04F /* StoreKit.framework in Frameworks */,
				69B75BBE2B72D37E00A696C7 /* OSCKitCore in Frameworks */,
				6951170A2B5EBB930006B04F /* RevenueCatUI in Frameworks */,
				69B866AC2B71DB2C003EAD38 /* WishKit in Frameworks */,
				695117082B5EBB930006B04F /* RevenueCat in Frameworks */,
			);
			runOnlyForDeploymentPostprocessing = 0;
		};
/* End PBXFrameworksBuildPhase section */

/* Begin PBXGroup section */
		6951170B2B5EBBBD0006B04F /* Frameworks */ = {
			isa = PBXGroup;
			children = (
				6951170C2B5EBBBD0006B04F /* StoreKit.framework */,
			);
			name = Frameworks;
			sourceTree = "<group>";
		};
		699DA6C02B5C541300B61547 = {
			isa = PBXGroup;
			children = (
				694A55EC2CAB8C6900660E50 /* iHog */,
				699DA6CA2B5C541300B61547 /* Products */,
				6951170B2B5EBBBD0006B04F /* Frameworks */,
			);
			sourceTree = "<group>";
		};
		699DA6CA2B5C541300B61547 /* Products */ = {
			isa = PBXGroup;
			children = (
				699DA6C92B5C541300B61547 /* iHog.app */,
			);
			name = Products;
			sourceTree = "<group>";
		};
/* End PBXGroup section */

/* Begin PBXNativeTarget section */
		699DA6C82B5C541300B61547 /* iHog */ = {
			isa = PBXNativeTarget;
			buildConfigurationList = 699DA6DE2B5C541400B61547 /* Build configuration list for PBXNativeTarget "iHog" */;
			buildPhases = (
				699DA6C52B5C541300B61547 /* Sources */,
				699DA6C62B5C541300B61547 /* Frameworks */,
				699DA6C72B5C541300B61547 /* Resources */,
			);
			buildRules = (
			);
			dependencies = (
			);
			fileSystemSynchronizedGroups = (
				694A55EC2CAB8C6900660E50 /* iHog */,
			);
			name = iHog;
			packageProductDependencies = (
				695117072B5EBB930006B04F /* RevenueCat */,
				695117092B5EBB930006B04F /* RevenueCatUI */,
				69B866AB2B71DB2C003EAD38 /* WishKit */,
				69B75BBB2B72D37E00A696C7 /* OSCKit */,
				69B75BBD2B72D37E00A696C7 /* OSCKitCore */,
			);
			productName = iHog;
			productReference = 699DA6C92B5C541300B61547 /* iHog.app */;
			productType = "com.apple.product-type.application";
		};
/* End PBXNativeTarget section */

/* Begin PBXProject section */
		699DA6C12B5C541300B61547 /* Project object */ = {
			isa = PBXProject;
			attributes = {
				BuildIndependentTargetsInParallel = 1;
				LastSwiftUpdateCheck = 1520;
				LastUpgradeCheck = 1520;
				TargetAttributes = {
					699DA6C82B5C541300B61547 = {
						CreatedOnToolsVersion = 15.2;
					};
				};
			};
			buildConfigurationList = 699DA6C42B5C541300B61547 /* Build configuration list for PBXProject "iHog" */;
			compatibilityVersion = "Xcode 14.0";
			developmentRegion = en;
			hasScannedForEncodings = 0;
			knownRegions = (
				en,
				Base,
			);
			mainGroup = 699DA6C02B5C541300B61547;
			packageReferences = (
				695117062B5EBB930006B04F /* XCRemoteSwiftPackageReference "purchases-ios" */,
				69B866AA2B71DB2C003EAD38 /* XCRemoteSwiftPackageReference "wishkit-ios" */,
				69B75BBA2B72D37E00A696C7 /* XCRemoteSwiftPackageReference "OSCKit" */,
			);
			productRefGroup = 699DA6CA2B5C541300B61547 /* Products */;
			projectDirPath = "";
			projectRoot = "";
			targets = (
				699DA6C82B5C541300B61547 /* iHog */,
			);
		};
/* End PBXProject section */

/* Begin PBXResourcesBuildPhase section */
		699DA6C72B5C541300B61547 /* Resources */ = {
			isa = PBXResourcesBuildPhase;
			buildActionMask = 2147483647;
			files = (
			);
			runOnlyForDeploymentPostprocessing = 0;
		};
/* End PBXResourcesBuildPhase section */

/* Begin PBXSourcesBuildPhase section */
		699DA6C52B5C541300B61547 /* Sources */ = {
			isa = PBXSourcesBuildPhase;
			buildActionMask = 2147483647;
			files = (
			);
			runOnlyForDeploymentPostprocessing = 0;
		};
/* End PBXSourcesBuildPhase section */

/* Begin XCBuildConfiguration section */
		699DA6DC2B5C541400B61547 /* Debug */ = {
			isa = XCBuildConfiguration;
			buildSettings = {
				ALWAYS_SEARCH_USER_PATHS = NO;
				ASSETCATALOG_COMPILER_GENERATE_SWIFT_ASSET_SYMBOL_EXTENSIONS = YES;
				CLANG_ANALYZER_NONNULL = YES;
				CLANG_ANALYZER_NUMBER_OBJECT_CONVERSION = YES_AGGRESSIVE;
				CLANG_CXX_LANGUAGE_STANDARD = "gnu++20";
				CLANG_ENABLE_MODULES = YES;
				CLANG_ENABLE_OBJC_ARC = YES;
				CLANG_ENABLE_OBJC_WEAK = YES;
				CLANG_WARN_BLOCK_CAPTURE_AUTORELEASING = YES;
				CLANG_WARN_BOOL_CONVERSION = YES;
				CLANG_WARN_COMMA = YES;
				CLANG_WARN_CONSTANT_CONVERSION = YES;
				CLANG_WARN_DEPRECATED_OBJC_IMPLEMENTATIONS = YES;
				CLANG_WARN_DIRECT_OBJC_ISA_USAGE = YES_ERROR;
				CLANG_WARN_DOCUMENTATION_COMMENTS = YES;
				CLANG_WARN_EMPTY_BODY = YES;
				CLANG_WARN_ENUM_CONVERSION = YES;
				CLANG_WARN_INFINITE_RECURSION = YES;
				CLANG_WARN_INT_CONVERSION = YES;
				CLANG_WARN_NON_LITERAL_NULL_CONVERSION = YES;
				CLANG_WARN_OBJC_IMPLICIT_RETAIN_SELF = YES;
				CLANG_WARN_OBJC_LITERAL_CONVERSION = YES;
				CLANG_WARN_OBJC_ROOT_CLASS = YES_ERROR;
				CLANG_WARN_QUOTED_INCLUDE_IN_FRAMEWORK_HEADER = YES;
				CLANG_WARN_RANGE_LOOP_ANALYSIS = YES;
				CLANG_WARN_STRICT_PROTOTYPES = YES;
				CLANG_WARN_SUSPICIOUS_MOVE = YES;
				CLANG_WARN_UNGUARDED_AVAILABILITY = YES_AGGRESSIVE;
				CLANG_WARN_UNREACHABLE_CODE = YES;
				CLANG_WARN__DUPLICATE_METHOD_MATCH = YES;
				COPY_PHASE_STRIP = NO;
				DEBUG_INFORMATION_FORMAT = dwarf;
				ENABLE_STRICT_OBJC_MSGSEND = YES;
				ENABLE_TESTABILITY = YES;
				ENABLE_USER_SCRIPT_SANDBOXING = YES;
				GCC_C_LANGUAGE_STANDARD = gnu17;
				GCC_DYNAMIC_NO_PIC = NO;
				GCC_NO_COMMON_BLOCKS = YES;
				GCC_OPTIMIZATION_LEVEL = 0;
				GCC_PREPROCESSOR_DEFINITIONS = (
					"DEBUG=1",
					"$(inherited)",
				);
				GCC_WARN_64_TO_32_BIT_CONVERSION = YES;
				GCC_WARN_ABOUT_RETURN_TYPE = YES_ERROR;
				GCC_WARN_UNDECLARED_SELECTOR = YES;
				GCC_WARN_UNINITIALIZED_AUTOS = YES_AGGRESSIVE;
				GCC_WARN_UNUSED_FUNCTION = YES;
				GCC_WARN_UNUSED_VARIABLE = YES;
				IPHONEOS_DEPLOYMENT_TARGET = 17.2;
				LOCALIZATION_PREFERS_STRING_CATALOGS = YES;
				MTL_ENABLE_DEBUG_INFO = INCLUDE_SOURCE;
				MTL_FAST_MATH = YES;
				ONLY_ACTIVE_ARCH = YES;
				SDKROOT = iphoneos;
				SWIFT_ACTIVE_COMPILATION_CONDITIONS = "DEBUG $(inherited)";
				SWIFT_OPTIMIZATION_LEVEL = "-Onone";
			};
			name = Debug;
		};
		699DA6DD2B5C541400B61547 /* Release */ = {
			isa = XCBuildConfiguration;
			buildSettings = {
				ALWAYS_SEARCH_USER_PATHS = NO;
				ASSETCATALOG_COMPILER_GENERATE_SWIFT_ASSET_SYMBOL_EXTENSIONS = YES;
				CLANG_ANALYZER_NONNULL = YES;
				CLANG_ANALYZER_NUMBER_OBJECT_CONVERSION = YES_AGGRESSIVE;
				CLANG_CXX_LANGUAGE_STANDARD = "gnu++20";
				CLANG_ENABLE_MODULES = YES;
				CLANG_ENABLE_OBJC_ARC = YES;
				CLANG_ENABLE_OBJC_WEAK = YES;
				CLANG_WARN_BLOCK_CAPTURE_AUTORELEASING = YES;
				CLANG_WARN_BOOL_CONVERSION = YES;
				CLANG_WARN_COMMA = YES;
				CLANG_WARN_CONSTANT_CONVERSION = YES;
				CLANG_WARN_DEPRECATED_OBJC_IMPLEMENTATIONS = YES;
				CLANG_WARN_DIRECT_OBJC_ISA_USAGE = YES_ERROR;
				CLANG_WARN_DOCUMENTATION_COMMENTS = YES;
				CLANG_WARN_EMPTY_BODY = YES;
				CLANG_WARN_ENUM_CONVERSION = YES;
				CLANG_WARN_INFINITE_RECURSION = YES;
				CLANG_WARN_INT_CONVERSION = YES;
				CLANG_WARN_NON_LITERAL_NULL_CONVERSION = YES;
				CLANG_WARN_OBJC_IMPLICIT_RETAIN_SELF = YES;
				CLANG_WARN_OBJC_LITERAL_CONVERSION = YES;
				CLANG_WARN_OBJC_ROOT_CLASS = YES_ERROR;
				CLANG_WARN_QUOTED_INCLUDE_IN_FRAMEWORK_HEADER = YES;
				CLANG_WARN_RANGE_LOOP_ANALYSIS = YES;
				CLANG_WARN_STRICT_PROTOTYPES = YES;
				CLANG_WARN_SUSPICIOUS_MOVE = YES;
				CLANG_WARN_UNGUARDED_AVAILABILITY = YES_AGGRESSIVE;
				CLANG_WARN_UNREACHABLE_CODE = YES;
				CLANG_WARN__DUPLICATE_METHOD_MATCH = YES;
				COPY_PHASE_STRIP = NO;
				DEBUG_INFORMATION_FORMAT = "dwarf-with-dsym";
				ENABLE_NS_ASSERTIONS = NO;
				ENABLE_STRICT_OBJC_MSGSEND = YES;
				ENABLE_USER_SCRIPT_SANDBOXING = YES;
				GCC_C_LANGUAGE_STANDARD = gnu17;
				GCC_NO_COMMON_BLOCKS = YES;
				GCC_WARN_64_TO_32_BIT_CONVERSION = YES;
				GCC_WARN_ABOUT_RETURN_TYPE = YES_ERROR;
				GCC_WARN_UNDECLARED_SELECTOR = YES;
				GCC_WARN_UNINITIALIZED_AUTOS = YES_AGGRESSIVE;
				GCC_WARN_UNUSED_FUNCTION = YES;
				GCC_WARN_UNUSED_VARIABLE = YES;
				IPHONEOS_DEPLOYMENT_TARGET = 17.2;
				LOCALIZATION_PREFERS_STRING_CATALOGS = YES;
				MTL_ENABLE_DEBUG_INFO = NO;
				MTL_FAST_MATH = YES;
				SDKROOT = iphoneos;
				SWIFT_COMPILATION_MODE = wholemodule;
				VALIDATE_PRODUCT = YES;
			};
			name = Release;
		};
		699DA6DF2B5C541400B61547 /* Debug */ = {
			isa = XCBuildConfiguration;
			buildSettings = {
				ASSETCATALOG_COMPILER_APPICON_NAME = AppIcon;
				ASSETCATALOG_COMPILER_GLOBAL_ACCENT_COLOR_NAME = AccentColor;
				CODE_SIGN_ENTITLEMENTS = iHog/Resources/iHog.entitlements;
				CODE_SIGN_STYLE = Automatic;
				CURRENT_PROJECT_VERSION = 1;
				DEVELOPMENT_ASSET_PATHS = "\"iHog/Preview Content\"";
				DEVELOPMENT_TEAM = ZDK82FGR3Z;
				ENABLE_PREVIEWS = YES;
				GENERATE_INFOPLIST_FILE = YES;
				INFOPLIST_FILE = iHog/Resources/Info.plist;
				INFOPLIST_KEY_UIApplicationSceneManifest_Generation = YES;
				INFOPLIST_KEY_UIApplicationSupportsIndirectInputEvents = YES;
				INFOPLIST_KEY_UILaunchScreen_Generation = YES;
				INFOPLIST_KEY_UISupportedInterfaceOrientations = "UIInterfaceOrientationLandscapeLeft UIInterfaceOrientationLandscapeRight UIInterfaceOrientationPortrait UIInterfaceOrientationPortraitUpsideDown";
				LD_RUNPATH_SEARCH_PATHS = (
					"$(inherited)",
					"@executable_path/Frameworks",
				);
				MARKETING_VERSION = 2024.2;
				PRODUCT_BUNDLE_IDENTIFIER = com.appsbymw.hogosc;
				PRODUCT_NAME = "$(TARGET_NAME)";
				SWIFT_EMIT_LOC_STRINGS = YES;
				SWIFT_VERSION = 5.0;
				TARGETED_DEVICE_FAMILY = "1,2";
			};
			name = Debug;
		};
		699DA6E02B5C541400B61547 /* Release */ = {
			isa = XCBuildConfiguration;
			buildSettings = {
				ASSETCATALOG_COMPILER_APPICON_NAME = AppIcon;
				ASSETCATALOG_COMPILER_GLOBAL_ACCENT_COLOR_NAME = AccentColor;
				CODE_SIGN_ENTITLEMENTS = iHog/Resources/iHog.entitlements;
				CODE_SIGN_STYLE = Automatic;
				CURRENT_PROJECT_VERSION = 1;
				DEVELOPMENT_ASSET_PATHS = "\"iHog/Preview Content\"";
				DEVELOPMENT_TEAM = ZDK82FGR3Z;
				ENABLE_PREVIEWS = YES;
				GENERATE_INFOPLIST_FILE = YES;
				INFOPLIST_FILE = iHog/Resources/Info.plist;
				INFOPLIST_KEY_UIApplicationSceneManifest_Generation = YES;
				INFOPLIST_KEY_UIApplicationSupportsIndirectInputEvents = YES;
				INFOPLIST_KEY_UILaunchScreen_Generation = YES;
				INFOPLIST_KEY_UISupportedInterfaceOrientations = "UIInterfaceOrientationLandscapeLeft UIInterfaceOrientationLandscapeRight UIInterfaceOrientationPortrait UIInterfaceOrientationPortraitUpsideDown";
				LD_RUNPATH_SEARCH_PATHS = (
					"$(inherited)",
					"@executable_path/Frameworks",
				);
				MARKETING_VERSION = 2024.2;
				PRODUCT_BUNDLE_IDENTIFIER = com.appsbymw.hogosc;
				PRODUCT_NAME = "$(TARGET_NAME)";
				SWIFT_EMIT_LOC_STRINGS = YES;
				SWIFT_VERSION = 5.0;
				TARGETED_DEVICE_FAMILY = "1,2";
			};
			name = Release;
		};
/* End XCBuildConfiguration section */

/* Begin XCConfigurationList section */
		699DA6C42B5C541300B61547 /* Build configuration list for PBXProject "iHog" */ = {
			isa = XCConfigurationList;
			buildConfigurations = (
				699DA6DC2B5C541400B61547 /* Debug */,
				699DA6DD2B5C541400B61547 /* Release */,
			);
			defaultConfigurationIsVisible = 0;
			defaultConfigurationName = Release;
		};
		699DA6DE2B5C541400B61547 /* Build configuration list for PBXNativeTarget "iHog" */ = {
			isa = XCConfigurationList;
			buildConfigurations = (
				699DA6DF2B5C541400B61547 /* Debug */,
				699DA6E02B5C541400B61547 /* Release */,
			);
			defaultConfigurationIsVisible = 0;
			defaultConfigurationName = Release;
		};
/* End XCConfigurationList section */

/* Begin XCRemoteSwiftPackageReference section */
		695117062B5EBB930006B04F /* XCRemoteSwiftPackageReference "purchases-ios" */ = {
			isa = XCRemoteSwiftPackageReference;
			repositoryURL = "https://github.com/RevenueCat/purchases-ios.git";
			requirement = {
				kind = upToNextMajorVersion;
				minimumVersion = 4.32.0;
			};
		};
		69B75BBA2B72D37E00A696C7 /* XCRemoteSwiftPackageReference "OSCKit" */ = {
			isa = XCRemoteSwiftPackageReference;
			repositoryURL = "https://github.com/orchetect/OSCKit";
			requirement = {
				kind = upToNextMajorVersion;
				minimumVersion = 0.5.0;
			};
		};
		69B866AA2B71DB2C003EAD38 /* XCRemoteSwiftPackageReference "wishkit-ios" */ = {
			isa = XCRemoteSwiftPackageReference;
			repositoryURL = "https://github.com/wishkit/wishkit-ios.git";
			requirement = {
				kind = upToNextMajorVersion;
				minimumVersion = 4.0.5;
			};
		};
/* End XCRemoteSwiftPackageReference section */

/* Begin XCSwiftPackageProductDependency section */
		695117072B5EBB930006B04F /* RevenueCat */ = {
			isa = XCSwiftPackageProductDependency;
			package = 695117062B5EBB930006B04F /* XCRemoteSwiftPackageReference "purchases-ios" */;
			productName = RevenueCat;
		};
		695117092B5EBB930006B04F /* RevenueCatUI */ = {
			isa = XCSwiftPackageProductDependency;
			package = 695117062B5EBB930006B04F /* XCRemoteSwiftPackageReference "purchases-ios" */;
			productName = RevenueCatUI;
		};
		69B75BBB2B72D37E00A696C7 /* OSCKit */ = {
			isa = XCSwiftPackageProductDependency;
			package = 69B75BBA2B72D37E00A696C7 /* XCRemoteSwiftPackageReference "OSCKit" */;
			productName = OSCKit;
		};
		69B75BBD2B72D37E00A696C7 /* OSCKitCore */ = {
			isa = XCSwiftPackageProductDependency;
			package = 69B75BBA2B72D37E00A696C7 /* XCRemoteSwiftPackageReference "OSCKit" */;
			productName = OSCKitCore;
		};
		69B866AB2B71DB2C003EAD38 /* WishKit */ = {
			isa = XCSwiftPackageProductDependency;
			package = 69B866AA2B71DB2C003EAD38 /* XCRemoteSwiftPackageReference "wishkit-ios" */;
			productName = WishKit;
		};
/* End XCSwiftPackageProductDependency section */
	};
	rootObject = 699DA6C12B5C541300B61547 /* Project object */;
}
